// !$*UTF8*$!
{
	archiveVersion = 1;
	classes = {
	};
	objectVersion = 34;
	objects = {
		080E96D9FE201CDB7F000001 = {
			fileRef = 2A37F4B9FDCFA73011CA2CEA;
			isa = PBXBuildFile;
			settings = {
			};
		};
		080E96DAFE201CDB7F000001 = {
			fileRef = 2A37F4B6FDCFA73011CA2CEA;
			isa = PBXBuildFile;
			settings = {
			};
		};
		089C165FFE840EACC02AAC07 = {
			children = (
				089C1660FE840EACC02AAC07,
			);
			isa = PBXVariantGroup;
			name = InfoPlist.strings;
			refType = 4;
		};
		089C1660FE840EACC02AAC07 = {
			fileEncoding = 10;
			isa = PBXFileReference;
			name = English;
			path = English.lproj/InfoPlist.strings;
			refType = 4;
		};
		089C1661FE840EACC02AAC07 = {
			fileRef = 089C165FFE840EACC02AAC07;
			isa = PBXBuildFile;
			settings = {
			};
		};
//080
//081
//082
//083
//084
//100
//101
//102
//103
//104
		1058C7A6FEA54F5311CA2CBB = {
			children = (
				1058C7A7FEA54F5311CA2CBB,
				F559F8FA01DEC0C601000164,
				F559F8FC01DEC12201000164,
				F559F8FD01DEC12201000164,
				F559F8FE01DEC12201000164,
			);
			isa = PBXGroup;
			name = "Linked Frameworks";
			refType = 4;
		};
		1058C7A7FEA54F5311CA2CBB = {
			isa = PBXFrameworkReference;
			name = Cocoa.framework;
			path = /System/Library/Frameworks/Cocoa.framework;
			refType = 0;
		};
		1058C7A8FEA54F5311CA2CBB = {
			children = (
				2A37F4C5FDCFA73011CA2CEA,
				2A37F4C4FDCFA73011CA2CEA,
			);
			isa = PBXGroup;
			name = "Other Frameworks";
			refType = 4;
		};
		1058C7A9FEA54F5311CA2CBB = {
			fileRef = 1058C7A7FEA54F5311CA2CBB;
			isa = PBXBuildFile;
			settings = {
			};
		};
//100
//101
//102
//103
//104
//170
//171
//172
//173
//174
		1758732AFF379DA111CA2CBB = {
			isa = PBXApplicationReference;
			path = "SysEx Librarian.app";
			refType = 3;
		};
//170
//171
//172
//173
//174
//190
//191
//192
//193
//194
		19C28FB0FE9D524F11CA2CBB = {
			children = (
				1758732AFF379DA111CA2CBB,
			);
			isa = PBXGroup;
			name = Products;
			refType = 4;
		};
//190
//191
//192
//193
//194
//2A0
//2A1
//2A2
//2A3
//2A4
		2A37F4A9FDCFA73011CA2CEA = {
			buildStyles = (
				4A9504D0FFE6A4CB11CA0CBA,
				4A9504D1FFE6A4CB11CA0CBA,
			);
			isa = PBXProject;
			mainGroup = 2A37F4AAFDCFA73011CA2CEA;
			projectDirPath = "";
			targets = (
				2A37F4C6FDCFA73011CA2CEA,
			);
		};
		2A37F4AAFDCFA73011CA2CEA = {
			children = (
				2A37F4ABFDCFA73011CA2CEA,
				2A37F4AFFDCFA73011CA2CEA,
				2A37F4B8FDCFA73011CA2CEA,
				2A37F4C3FDCFA73011CA2CEA,
				19C28FB0FE9D524F11CA2CBB,
			);
			isa = PBXGroup;
			name = SysExLibrarian;
			path = "";
			refType = 4;
		};
		2A37F4ABFDCFA73011CA2CEA = {
			children = (
				F559F90201DEC14A01000164,
				F559F90301DEC14A01000164,
				F559F90601DEC1D801000164,
				F559F90701DEC1D801000164,
				F565B6E501E1419001000164,
				F565B6E601E1419001000164,
				F565B6E901E1498301000164,
				F565B6EA01E1498301000164,
				F583CEB401EE3D3801000164,
				F583CEB501EE3D3801000164,
				F583CEB801EE3E4401000164,
				F583CEB901EE3E4401000164,
				F565B6ED01E1567501000164,
				F551751C01F3745B01000164,
				F551751D01F3745B01000164,
			);
			isa = PBXGroup;
			name = Classes;
			path = "";
			refType = 4;
		};
		2A37F4AFFDCFA73011CA2CEA = {
			children = (
				2A37F4B0FDCFA73011CA2CEA,
			);
			isa = PBXGroup;
			name = "Other Sources";
			path = "";
			refType = 4;
		};
		2A37F4B0FDCFA73011CA2CEA = {
			isa = PBXFileReference;
			path = main.m;
			refType = 4;
		};
		2A37F4B6FDCFA73011CA2CEA = {
			children = (
				2A37F4B7FDCFA73011CA2CEA,
			);
			isa = PBXVariantGroup;
			name = MainMenu.nib;
			path = "";
			refType = 4;
		};
		2A37F4B7FDCFA73011CA2CEA = {
			isa = PBXFileReference;
			name = English;
			path = English.lproj/MainMenu.nib;
			refType = 4;
		};
		2A37F4B8FDCFA73011CA2CEA = {
			children = (
				2A37F4B9FDCFA73011CA2CEA,
				2A37F4B6FDCFA73011CA2CEA,
				F559F90A01DEC5E001000164,
				F559F90F01DEFA9701000164,
				089C165FFE840EACC02AAC07,
			);
			isa = PBXGroup;
			name = Resources;
			path = "";
			refType = 4;
		};
		2A37F4B9FDCFA73011CA2CEA = {
			children = (
				2A37F4BAFDCFA73011CA2CEA,
			);
			isa = PBXVariantGroup;
			name = Credits.rtf;
			path = "";
			refType = 4;
		};
		2A37F4BAFDCFA73011CA2CEA = {
			isa = PBXFileReference;
			name = English;
			path = English.lproj/Credits.rtf;
			refType = 4;
		};
		2A37F4C3FDCFA73011CA2CEA = {
			children = (
				1058C7A6FEA54F5311CA2CBB,
				1058C7A8FEA54F5311CA2CBB,
			);
			isa = PBXGroup;
			name = Frameworks;
			path = "";
			refType = 4;
		};
		2A37F4C4FDCFA73011CA2CEA = {
			isa = PBXFrameworkReference;
			name = AppKit.framework;
			path = /System/Library/Frameworks/AppKit.framework;
			refType = 0;
		};
		2A37F4C5FDCFA73011CA2CEA = {
			isa = PBXFrameworkReference;
			name = Foundation.framework;
			path = /System/Library/Frameworks/Foundation.framework;
			refType = 0;
		};
		2A37F4C6FDCFA73011CA2CEA = {
			buildPhases = (
				2A37F4C7FDCFA73011CA2CEA,
				2A37F4C9FDCFA73011CA2CEA,
				2A37F4CEFDCFA73011CA2CEA,
				2A37F4D1FDCFA73011CA2CEA,
			);
			buildSettings = {
				FRAMEWORK_SEARCH_PATHS = "";
				HEADER_SEARCH_PATHS = "";
				INSTALL_PATH = "$(HOME)/Applications";
				LIBRARY_SEARCH_PATHS = "";
				OTHER_CFLAGS = "";
				OTHER_LDFLAGS = "";
				PRODUCT_NAME = "SysEx Librarian";
				SECTORDER_FLAGS = "";
				WARNING_CFLAGS = "-Wmost -Wno-four-char-constants -Wno-unknown-pragmas -Wparentheses";
				WRAPPER_EXTENSION = app;
			};
			dependencies = (
			);
			isa = PBXApplicationTarget;
			name = SysExLibrarian;
			productInstallPath = "$(HOME)/Applications";
			productName = SysExLibrarian;
			productReference = 1758732AFF379DA111CA2CBB;
			productSettingsXML = "<?xml version=\"1.0\" encoding=\"UTF-8\"?>
<!DOCTYPE plist SYSTEM \"file://localhost/System/Library/DTDs/PropertyList.dtd\">
<plist version=\"0.9\">
<dict>
	<key>CFBundleDevelopmentRegion</key>
	<string>English</string>
	<key>CFBundleDocumentTypes</key>
	<array>
		<dict>
			<key>CFBundleTypeExtensions</key>
			<array>
				<string>syx</string>
				<string>SYX</string>
				<string>Syx</string>
			</array>
			<key>CFBundleTypeName</key>
			<string>SysEx Librarian Document</string>
			<key>CFBundleTypeOSTypes</key>
			<array>
				<string>sysX</string>
			</array>
			<key>CFBundleTypeRole</key>
			<string>Editor</string>
		</dict>
		<dict>
			<key>CFBundleTypeExtensions</key>
			<array>
				<string>mid</string>
				<string>MID</string>
				<string>midi</string>
				<string>MIDI</string>
				<string>Midi</string>
			</array>
			<key>CFBundleTypeName</key>
			<string>MIDI file</string>
			<key>CFBundleTypeOSTypes</key>
			<array>
				<string>Midi</string>
				<string>.WAV</string>
			</array>
			<key>CFBundleTypeRole</key>
			<string>Editor</string>
		</dict>
	</array>
	<key>CFBundleExecutable</key>
	<string>SysEx Librarian</string>
	<key>CFBundleIconFile</key>
	<string></string>
	<key>CFBundleIdentifier</key>
	<string>com.snoize.SysExLibrarian</string>
	<key>CFBundleInfoDictionaryVersion</key>
	<string>6.0</string>
	<key>CFBundlePackageType</key>
	<string>APPL</string>
	<key>CFBundleSignature</key>
	<string>SnSX</string>
	<key>CFBundleVersion</key>
	<string>0.1</string>
	<key>NSMainNibFile</key>
	<string>MainMenu</string>
	<key>NSPrincipalClass</key>
	<string>NSApplication</string>
</dict>
</plist>
";
			shouldUseHeadermap = 1;
		};
		2A37F4C7FDCFA73011CA2CEA = {
			buildActionMask = 2147483647;
			files = (
				F559F90401DEC14B01000164,
				F559F90801DEC1D801000164,
				F565B6E701E1419001000164,
				F565B6EB01E1498301000164,
				F565B6F001E1567501000164,
				F583CEB601EE3D3801000164,
				F583CEBA01EE3E4501000164,
				F551751E01F3745B01000164,
				F551752201F3ACED01000164,
			);
			isa = PBXHeadersBuildPhase;
			name = Headers;
		};
		2A37F4C9FDCFA73011CA2CEA = {
			buildActionMask = 2147483647;
			files = (
				080E96D9FE201CDB7F000001,
				080E96DAFE201CDB7F000001,
				089C1661FE840EACC02AAC07,
				F559F90C01DEC5E001000164,
				F559F91001DEFA9701000164,
			);
			isa = PBXResourcesBuildPhase;
			name = "Bundle Resources";
		};
		2A37F4CEFDCFA73011CA2CEA = {
			buildActionMask = 2147483647;
			files = (
				2A37F4D0FDCFA73011CA2CEA,
				F559F90501DEC14B01000164,
				F559F90901DEC1D801000164,
				F565B6E801E1419001000164,
				F565B6EC01E1498301000164,
				F565B6F101E1567501000164,
				F583CEB701EE3D3801000164,
				F583CEBB01EE3E4501000164,
				F551751F01F3745B01000164,
				F551752301F3ACED01000164,
			);
			isa = PBXSourcesBuildPhase;
			name = Sources;
		};
		2A37F4D0FDCFA73011CA2CEA = {
			fileRef = 2A37F4B0FDCFA73011CA2CEA;
			isa = PBXBuildFile;
			settings = {
				ATTRIBUTES = (
				);
			};
		};
		2A37F4D1FDCFA73011CA2CEA = {
			buildActionMask = 2147483647;
			files = (
				1058C7A9FEA54F5311CA2CBB,
				F559F8FB01DEC0C601000164,
				F559F8FF01DEC12201000164,
				F559F90001DEC12201000164,
				F559F90101DEC12201000164,
			);
			isa = PBXFrameworksBuildPhase;
			name = "Frameworks & Libraries";
		};
//2A0
//2A1
//2A2
//2A3
//2A4
//4A0
//4A1
//4A2
//4A3
//4A4
		4A9504D0FFE6A4CB11CA0CBA = {
			buildRules = (
			);
			buildSettings = {
				COPY_PHASE_STRIP = NO;
				OPTIMIZATION_CFLAGS = "-O0";
			};
			isa = PBXBuildStyle;
			name = Development;
		};
		4A9504D1FFE6A4CB11CA0CBA = {
			buildRules = (
			);
			buildSettings = {
				COPY_PHASE_STRIP = YES;
			};
			isa = PBXBuildStyle;
			name = Deployment;
		};
//4A0
//4A1
//4A2
//4A3
//4A4
//F50
//F51
//F52
//F53
//F54
		F551751C01F3745B01000164 = {
			isa = PBXFileReference;
			path = BDAlias.h;
			refType = 4;
		};
		F551751D01F3745B01000164 = {
			isa = PBXFileReference;
			path = BDAlias.m;
			refType = 4;
		};
		F551751E01F3745B01000164 = {
			fileRef = F551751C01F3745B01000164;
			isa = PBXBuildFile;
			settings = {
			};
		};
		F551751F01F3745B01000164 = {
			fileRef = F551751D01F3745B01000164;
			isa = PBXBuildFile;
			settings = {
			};
		};
		F551752001F3ACED01000164 = {
			isa = PBXFileReference;
			path = SSETableView.h;
			refType = 4;
		};
		F551752101F3ACED01000164 = {
			isa = PBXFileReference;
			path = SSETableView.m;
			refType = 4;
		};
		F551752201F3ACED01000164 = {
			fileRef = F551752001F3ACED01000164;
			isa = PBXBuildFile;
			settings = {
			};
		};
		F551752301F3ACED01000164 = {
			fileRef = F551752101F3ACED01000164;
			isa = PBXBuildFile;
			settings = {
			};
		};
		F559F8FA01DEC0C601000164 = {
			isa = PBXFrameworkReference;
			name = CoreMIDI.framework;
			path = /System/Library/Frameworks/CoreMIDI.framework;
			refType = 0;
		};
		F559F8FB01DEC0C601000164 = {
			fileRef = F559F8FA01DEC0C601000164;
			isa = PBXBuildFile;
			settings = {
			};
		};
		F559F8FC01DEC12201000164 = {
			isa = PBXFrameworkReference;
			path = OmniBase.framework;
			refType = 3;
		};
		F559F8FD01DEC12201000164 = {
			isa = PBXFrameworkReference;
			path = OmniFoundation.framework;
			refType = 3;
		};
		F559F8FE01DEC12201000164 = {
			isa = PBXFrameworkReference;
			path = SnoizeMIDI.framework;
			refType = 3;
		};
		F559F8FF01DEC12201000164 = {
			fileRef = F559F8FC01DEC12201000164;
			isa = PBXBuildFile;
			settings = {
			};
		};
		F559F90001DEC12201000164 = {
			fileRef = F559F8FD01DEC12201000164;
			isa = PBXBuildFile;
			settings = {
			};
		};
		F559F90101DEC12201000164 = {
			fileRef = F559F8FE01DEC12201000164;
			isa = PBXBuildFile;
			settings = {
			};
		};
		F559F90201DEC14A01000164 = {
			isa = PBXFileReference;
			path = SSEAppController.h;
			refType = 4;
		};
		F559F90301DEC14A01000164 = {
			isa = PBXFileReference;
			path = SSEAppController.m;
			refType = 4;
		};
		F559F90401DEC14B01000164 = {
			fileRef = F559F90201DEC14A01000164;
			isa = PBXBuildFile;
			settings = {
			};
		};
		F559F90501DEC14B01000164 = {
			fileRef = F559F90301DEC14A01000164;
			isa = PBXBuildFile;
			settings = {
			};
		};
		F559F90601DEC1D801000164 = {
			isa = PBXFileReference;
			path = SSEPreferencesWindowController.h;
			refType = 4;
		};
		F559F90701DEC1D801000164 = {
			isa = PBXFileReference;
			path = SSEPreferencesWindowController.m;
			refType = 4;
		};
		F559F90801DEC1D801000164 = {
			fileRef = F559F90601DEC1D801000164;
			isa = PBXBuildFile;
			settings = {
			};
		};
		F559F90901DEC1D801000164 = {
			fileRef = F559F90701DEC1D801000164;
			isa = PBXBuildFile;
			settings = {
			};
		};
		F559F90A01DEC5E001000164 = {
			children = (
				F559F90B01DEC5E001000164,
			);
			isa = PBXVariantGroup;
			name = Preferences.nib;
			path = "";
			refType = 4;
		};
		F559F90B01DEC5E001000164 = {
			isa = PBXFileReference;
			name = English;
			path = English.lproj/Preferences.nib;
			refType = 4;
		};
		F559F90C01DEC5E001000164 = {
			fileRef = F559F90A01DEC5E001000164;
			isa = PBXBuildFile;
			settings = {
			};
		};
		F559F90D01DEF5E001000164 = {
			isa = PBXFileReference;
			name = English;
			path = English.lproj/MainWindow.nib;
			refType = 4;
		};
		F559F90F01DEFA9701000164 = {
			children = (
				F559F90D01DEF5E001000164,
			);
			isa = PBXVariantGroup;
			name = MainWindow.nib;
			refType = 4;
		};
		F559F91001DEFA9701000164 = {
			fileRef = F559F90F01DEFA9701000164;
			isa = PBXBuildFile;
			settings = {
			};
		};
		F565B6E501E1419001000164 = {
			isa = PBXFileReference;
			path = SSEMainWindowController.h;
			refType = 4;
		};
		F565B6E601E1419001000164 = {
			isa = PBXFileReference;
			path = SSEMainWindowController.m;
			refType = 4;
		};
		F565B6E701E1419001000164 = {
			fileRef = F565B6E501E1419001000164;
			isa = PBXBuildFile;
			settings = {
			};
		};
		F565B6E801E1419001000164 = {
			fileRef = F565B6E601E1419001000164;
			isa = PBXBuildFile;
			settings = {
			};
		};
		F565B6E901E1498301000164 = {
			isa = PBXFileReference;
			path = SSEMainController.h;
			refType = 4;
		};
		F565B6EA01E1498301000164 = {
			isa = PBXFileReference;
			path = SSEMainController.m;
			refType = 4;
		};
		F565B6EB01E1498301000164 = {
			fileRef = F565B6E901E1498301000164;
			isa = PBXBuildFile;
			settings = {
			};
		};
		F565B6EC01E1498301000164 = {
			fileRef = F565B6EA01E1498301000164;
			isa = PBXBuildFile;
			settings = {
			};
		};
		F565B6ED01E1567501000164 = {
			children = (
				F565B6EE01E1567501000164,
				F565B6EF01E1567501000164,
				F551752001F3ACED01000164,
				F551752101F3ACED01000164,
			);
			isa = PBXGroup;
			name = "Cocoa Extensions";
			refType = 4;
		};
		F565B6EE01E1567501000164 = {
			isa = PBXFileReference;
			path = "NSPopUpButton-Extensions.h";
			refType = 4;
		};
		F565B6EF01E1567501000164 = {
			isa = PBXFileReference;
			path = "NSPopUpButton-Extensions.m";
			refType = 4;
		};
		F565B6F001E1567501000164 = {
			fileRef = F565B6EE01E1567501000164;
			isa = PBXBuildFile;
			settings = {
			};
		};
		F565B6F101E1567501000164 = {
			fileRef = F565B6EF01E1567501000164;
			isa = PBXBuildFile;
			settings = {
			};
		};
		F583CEB401EE3D3801000164 = {
			isa = PBXFileReference;
			path = SSELibrary.h;
			refType = 4;
		};
		F583CEB501EE3D3801000164 = {
			isa = PBXFileReference;
			path = SSELibrary.m;
			refType = 4;
		};
		F583CEB601EE3D3801000164 = {
			fileRef = F583CEB401EE3D3801000164;
			isa = PBXBuildFile;
			settings = {
			};
		};
		F583CEB701EE3D3801000164 = {
			fileRef = F583CEB501EE3D3801000164;
			isa = PBXBuildFile;
			settings = {
			};
		};
		F583CEB801EE3E4401000164 = {
			isa = PBXFileReference;
			path = SSELibraryEntry.h;
			refType = 4;
		};
		F583CEB901EE3E4401000164 = {
			isa = PBXFileReference;
			path = SSELibraryEntry.m;
			refType = 4;
		};
		F583CEBA01EE3E4501000164 = {
			fileRef = F583CEB801EE3E4401000164;
			isa = PBXBuildFile;
			settings = {
			};
		};
		F583CEBB01EE3E4501000164 = {
			fileRef = F583CEB901EE3E4401000164;
			isa = PBXBuildFile;
			settings = {
			};
		};
	};
	rootObject = 2A37F4A9FDCFA73011CA2CEA;
}
