// !$*UTF8*$!
{
	archiveVersion = 1;
	classes = {
	};
	objectVersion = 46;
	objects = {

/* Begin PBXBuildFile section */
		16133B7415F5C75C00533536 /* Sparkle.framework in CopyFiles */ = {isa = PBXBuildFile; fileRef = 161B71EF15D8D76B006E21D4 /* Sparkle.framework */; settings = {ATTRIBUTES = (CodeSignOnCopy, ); }; };
		161B71F815D8D79E006E21D4 /* Sparkle.framework in Frameworks */ = {isa = PBXBuildFile; fileRef = 161B71EF15D8D76B006E21D4 /* Sparkle.framework */; };
		161B71FA15D8DD83006E21D4 /* dsa_pub.pem in Resources */ = {isa = PBXBuildFile; fileRef = 161B71F915D8DD83006E21D4 /* dsa_pub.pem */; };
		162972B1097B414800158D7B /* SnoizeMIDI.framework in CopyFiles */ = {isa = PBXBuildFile; fileRef = 169E71A7097B2419001AFB58 /* SnoizeMIDI.framework */; settings = {ATTRIBUTES = (CodeSignOnCopy, ); }; };
		162972B2097B414C00158D7B /* SnoizeMIDISpy.framework in CopyFiles */ = {isa = PBXBuildFile; fileRef = 169E71B1097B242A001AFB58 /* SnoizeMIDISpy.framework */; settings = {ATTRIBUTES = (CodeSignOnCopy, ); }; };
		163FB5EA199ED5810017B664 /* SNDisclosureArrowDown@2x.tiff in Resources */ = {isa = PBXBuildFile; fileRef = 163FB5E8199ED5810017B664 /* SNDisclosureArrowDown@2x.tiff */; };
		163FB5EB199ED5810017B664 /* SNDisclosureArrowRight@2x.tiff in Resources */ = {isa = PBXBuildFile; fileRef = 163FB5E9199ED5810017B664 /* SNDisclosureArrowRight@2x.tiff */; };
		167B881906ED4D650053D305 /* Credits.rtf in Resources */ = {isa = PBXBuildFile; fileRef = 2A37F4B9FDCFA73011CA2CEA /* Credits.rtf */; };
		167B881A06ED4D650053D305 /* MainMenu.nib in Resources */ = {isa = PBXBuildFile; fileRef = 2A37F4B6FDCFA73011CA2CEA /* MainMenu.nib */; };
		167B881C06ED4D650053D305 /* MIDIMonitor.strings in Resources */ = {isa = PBXBuildFile; fileRef = F53BB4AE015D96A501000164 /* MIDIMonitor.strings */; };
		167B881D06ED4D650053D305 /* Preferences.nib in Resources */ = {isa = PBXBuildFile; fileRef = F53A1C0A015EC0FB01000164 /* Preferences.nib */; };
		167B881E06ED4D650053D305 /* MIDIMonitor.icns in Resources */ = {isa = PBXBuildFile; fileRef = F579B5E9018D0F0D01000164 /* MIDIMonitor.icns */; };
		167B881F06ED4D650053D305 /* Document.icns in Resources */ = {isa = PBXBuildFile; fileRef = F57053DA018D364A01000164 /* Document.icns */; };
		167B882106ED4D650053D305 /* docs.htmld in Resources */ = {isa = PBXBuildFile; fileRef = F56D31A30195A90E01000164 /* docs.htmld */; };
		167B882206ED4D650053D305 /* SysEx.nib in Resources */ = {isa = PBXBuildFile; fileRef = F56E05CE0206BF0C01000164 /* SysEx.nib */; };
		167B882306ED4D650053D305 /* MIDIMonitor.nib in Resources */ = {isa = PBXBuildFile; fileRef = 2A37F4B4FDCFA73011CA2CEA /* MIDIMonitor.nib */; };
		167B882406ED4D650053D305 /* Details.nib in Resources */ = {isa = PBXBuildFile; fileRef = 1691E0DC04CA26F300ACFC9D /* Details.nib */; };
		167B882506ED4D650053D305 /* Defaults.plist in Resources */ = {isa = PBXBuildFile; fileRef = 16F20F4906EAA14A00D9C507 /* Defaults.plist */; };
		167B882706ED4D650053D305 /* SMMDocument.m in Sources */ = {isa = PBXBuildFile; fileRef = 2A37F4ACFDCFA73011CA2CEA /* SMMDocument.m */; settings = {ATTRIBUTES = (); }; };
		167B882806ED4D650053D305 /* main.m in Sources */ = {isa = PBXBuildFile; fileRef = 2A37F4B0FDCFA73011CA2CEA /* main.m */; settings = {ATTRIBUTES = (); }; };
		167B882906ED4D650053D305 /* SMMMonitorWindowController.m in Sources */ = {isa = PBXBuildFile; fileRef = F53D4AB6015AAA2C01000164 /* SMMMonitorWindowController.m */; };
		167B882A06ED4D650053D305 /* SMMAppController.m in Sources */ = {isa = PBXBuildFile; fileRef = F53D4ABA015AAB7E01000164 /* SMMAppController.m */; };
		167B882B06ED4D650053D305 /* SMMPreferencesWindowController.m in Sources */ = {isa = PBXBuildFile; fileRef = F53A1C07015EB24301000164 /* SMMPreferencesWindowController.m */; };
		167B882C06ED4D650053D305 /* SMMSysExWindowController.m in Sources */ = {isa = PBXBuildFile; fileRef = F56E05CB0206BAB401000164 /* SMMSysExWindowController.m */; };
		167B882D06ED4D650053D305 /* SMMSpyingInputStream.m in Sources */ = {isa = PBXBuildFile; fileRef = F562148E02408B2D01000164 /* SMMSpyingInputStream.m */; };
		167B882E06ED4D650053D305 /* SMMCombinationInputStream.m in Sources */ = {isa = PBXBuildFile; fileRef = F55C9C150244CE3701000164 /* SMMCombinationInputStream.m */; };
		167B882F06ED4D650053D305 /* SMMSourcesOutlineView.m in Sources */ = {isa = PBXBuildFile; fileRef = F57F628B0261C8FC01000164 /* SMMSourcesOutlineView.m */; };
		167B883006ED4D650053D305 /* SMMNonHighlightingCells.m in Sources */ = {isa = PBXBuildFile; fileRef = F57F62900261D5A701000164 /* SMMNonHighlightingCells.m */; };
		167B883106ED4D650053D305 /* SMMFastAnimatingWindow.m in Sources */ = {isa = PBXBuildFile; fileRef = F55462280263619E01000164 /* SMMFastAnimatingWindow.m */; };
		167B883206ED4D650053D305 /* SMMWindowController.m in Sources */ = {isa = PBXBuildFile; fileRef = F5DCBE8F02E6064E01000164 /* SMMWindowController.m */; };
		167B883306ED4D650053D305 /* SMMDetailsWindowController.m in Sources */ = {isa = PBXBuildFile; fileRef = 1691E0DA04CA1C1E00ACFC9D /* SMMDetailsWindowController.m */; };
		167B883506ED4D650053D305 /* NSString-SMMExtensions.m in Sources */ = {isa = PBXBuildFile; fileRef = 16F210DD06EAB24700D9C507 /* NSString-SMMExtensions.m */; };
		167B883906ED4D650053D305 /* Cocoa.framework in Frameworks */ = {isa = PBXBuildFile; fileRef = 1058C7A7FEA54F5311CA2CBB /* Cocoa.framework */; };
		167B883B06ED4D650053D305 /* CoreMIDI.framework in Frameworks */ = {isa = PBXBuildFile; fileRef = F5B4281801A360AD01000164 /* CoreMIDI.framework */; };
		16C267D215D836B2009F4BE4 /* SNDisclosureArrowDown.tiff in Resources */ = {isa = PBXBuildFile; fileRef = 16C267D015D836B2009F4BE4 /* SNDisclosureArrowDown.tiff */; };
		16C267D315D836B2009F4BE4 /* SNDisclosureArrowRight.tiff in Resources */ = {isa = PBXBuildFile; fileRef = 16C267D115D836B2009F4BE4 /* SNDisclosureArrowRight.tiff */; };
		16C267D815D836C6009F4BE4 /* SNDisclosableView.m in Sources */ = {isa = PBXBuildFile; fileRef = 16C267D515D836C6009F4BE4 /* SNDisclosableView.m */; };
		16C267D915D836C6009F4BE4 /* SNDisclosureButton.m in Sources */ = {isa = PBXBuildFile; fileRef = 16C267D715D836C6009F4BE4 /* SNDisclosureButton.m */; };
		16E8F01A097B2E5200B52193 /* SnoizeMIDISpy.framework in Frameworks */ = {isa = PBXBuildFile; fileRef = 169E71B1097B242A001AFB58 /* SnoizeMIDISpy.framework */; };
		16E8F01D097B2E8B00B52193 /* SnoizeMIDI.framework in Frameworks */ = {isa = PBXBuildFile; fileRef = 169E71A7097B2419001AFB58 /* SnoizeMIDI.framework */; };
/* End PBXBuildFile section */

/* Begin PBXContainerItemProxy section */
		161B71EE15D8D76B006E21D4 /* PBXContainerItemProxy */ = {
			isa = PBXContainerItemProxy;
			containerPortal = 161B71E015D8D76A006E21D4 /* Sparkle.xcodeproj */;
			proxyType = 2;
			remoteGlobalIDString = 8DC2EF5B0486A6940098B216;
			remoteInfo = Sparkle;
		};
		161B71F015D8D76B006E21D4 /* PBXContainerItemProxy */ = {
			isa = PBXContainerItemProxy;
			containerPortal = 161B71E015D8D76A006E21D4 /* Sparkle.xcodeproj */;
			proxyType = 2;
			remoteGlobalIDString = 61B5F90209C4CEE200B25A18;
			remoteInfo = "Sparkle Test App";
		};
		161B71F215D8D76B006E21D4 /* PBXContainerItemProxy */ = {
			isa = PBXContainerItemProxy;
			containerPortal = 161B71E015D8D76A006E21D4 /* Sparkle.xcodeproj */;
			proxyType = 2;
			remoteGlobalIDString = 612279D90DB5470200AB99EA;
			remoteInfo = "Sparkle Unit Tests";
		};
		161B71F415D8D76B006E21D4 /* PBXContainerItemProxy */ = {
			isa = PBXContainerItemProxy;
			containerPortal = 161B71E015D8D76A006E21D4 /* Sparkle.xcodeproj */;
			proxyType = 2;
			remoteGlobalIDString = 5D06E8D00FD68C7C005AE3F6;
			remoteInfo = BinaryDelta;
		};
		161B71F615D8D76B006E21D4 /* PBXContainerItemProxy */ = {
			isa = PBXContainerItemProxy;
			containerPortal = 161B71E015D8D76A006E21D4 /* Sparkle.xcodeproj */;
			proxyType = 2;
			remoteGlobalIDString = 55C14BB7136EEF1500649790;
			remoteInfo = finish_installation;
		};
		162972C2097B41A700158D7B /* PBXContainerItemProxy */ = {
			isa = PBXContainerItemProxy;
			containerPortal = 169E71A1097B2419001AFB58 /* SnoizeMIDI.xcodeproj */;
			proxyType = 1;
			remoteGlobalIDString = 8DC2EF4F0486A6940098B216;
			remoteInfo = SnoizeMIDI;
		};
		162972C4097B41AA00158D7B /* PBXContainerItemProxy */ = {
			isa = PBXContainerItemProxy;
			containerPortal = 169E71A8097B242A001AFB58 /* SnoizeMIDISpy.xcodeproj */;
			proxyType = 1;
			remoteGlobalIDString = 164103D709735FA5008DABCC;
			remoteInfo = SnoizeMIDISpy.framework;
		};
		1651E77A14A971C800EF79CD /* PBXContainerItemProxy */ = {
			isa = PBXContainerItemProxy;
			containerPortal = 169E71A1097B2419001AFB58 /* SnoizeMIDI.xcodeproj */;
			proxyType = 2;
			remoteGlobalIDString = A53DDB97148F4219006D2FFD;
			remoteInfo = SnoizeMIDIiOS;
		};
		1682E810176EE3A400089623 /* PBXContainerItemProxy */ = {
			isa = PBXContainerItemProxy;
			containerPortal = 169E71A1097B2419001AFB58 /* SnoizeMIDI.xcodeproj */;
			proxyType = 2;
			remoteGlobalIDString = A581997216AF687400325CF3;
			remoteInfo = SnoizeMIDIOSX;
		};
		169E71A6097B2419001AFB58 /* PBXContainerItemProxy */ = {
			isa = PBXContainerItemProxy;
			containerPortal = 169E71A1097B2419001AFB58 /* SnoizeMIDI.xcodeproj */;
			proxyType = 2;
			remoteGlobalIDString = 8DC2EF5B0486A6940098B216;
			remoteInfo = SnoizeMIDI;
		};
		169E71AE097B242A001AFB58 /* PBXContainerItemProxy */ = {
			isa = PBXContainerItemProxy;
			containerPortal = 169E71A8097B242A001AFB58 /* SnoizeMIDISpy.xcodeproj */;
			proxyType = 2;
			remoteGlobalIDString = 1641040B09735FA6008DABCC;
			remoteInfo = SpyingMIDIDriver;
		};
		169E71B0097B242A001AFB58 /* PBXContainerItemProxy */ = {
			isa = PBXContainerItemProxy;
			containerPortal = 169E71A8097B242A001AFB58 /* SnoizeMIDISpy.xcodeproj */;
			proxyType = 2;
			remoteGlobalIDString = 164103F309735FA6008DABCC;
			remoteInfo = SnoizeMIDISpy.framework;
		};
		16C9CFAD2116D4A6004434D8 /* PBXContainerItemProxy */ = {
			isa = PBXContainerItemProxy;
			containerPortal = 161B71E015D8D76A006E21D4 /* Sparkle.xcodeproj */;
			proxyType = 2;
			remoteGlobalIDString = 5AE13FB31E0D9E07000D2C2C;
			remoteInfo = generate_appcast;
		};
		16D8B2C1232EFB7900755057 /* PBXContainerItemProxy */ = {
			isa = PBXContainerItemProxy;
			containerPortal = 161B71E015D8D76A006E21D4 /* Sparkle.xcodeproj */;
			proxyType = 2;
			remoteGlobalIDString = 5AB8F19F214DA72000A1187F;
			remoteInfo = generate_keys;
		};
		16D8B2C3232EFB7900755057 /* PBXContainerItemProxy */ = {
			isa = PBXContainerItemProxy;
			containerPortal = 161B71E015D8D76A006E21D4 /* Sparkle.xcodeproj */;
			proxyType = 2;
			remoteGlobalIDString = 5A5ADED7214EDE4900DF0099;
			remoteInfo = sign_update;
		};
		16D8B2C5232EFB7900755057 /* PBXContainerItemProxy */ = {
			isa = PBXContainerItemProxy;
			containerPortal = 161B71E015D8D76A006E21D4 /* Sparkle.xcodeproj */;
			proxyType = 2;
			remoteGlobalIDString = EA4311EA229D651300A5503D;
			remoteInfo = bsdiff;
		};
		16D8B2C7232EFB7900755057 /* PBXContainerItemProxy */ = {
			isa = PBXContainerItemProxy;
			containerPortal = 161B71E015D8D76A006E21D4 /* Sparkle.xcodeproj */;
			proxyType = 2;
			remoteGlobalIDString = EA4311A0229D5FBC00A5503D;
			remoteInfo = ed25519;
		};
		16E58EC71FB7C69200FDD31D /* PBXContainerItemProxy */ = {
			isa = PBXContainerItemProxy;
			containerPortal = 161B71E015D8D76A006E21D4 /* Sparkle.xcodeproj */;
			proxyType = 2;
			remoteGlobalIDString = 726B2B5D1C645FC900388755;
			remoteInfo = "UI Tests";
		};
		16E58EC91FB7C69200FDD31D /* PBXContainerItemProxy */ = {
			isa = PBXContainerItemProxy;
			containerPortal = 161B71E015D8D76A006E21D4 /* Sparkle.xcodeproj */;
			proxyType = 2;
			remoteGlobalIDString = 722954B41D04ADAF00ECF9CA;
			remoteInfo = fileop;
		};
/* End PBXContainerItemProxy section */

/* Begin PBXCopyFilesBuildPhase section */
		162972AD097B413E00158D7B /* CopyFiles */ = {
			isa = PBXCopyFilesBuildPhase;
			buildActionMask = 12;
			dstPath = "";
			dstSubfolderSpec = 10;
			files = (
				16133B7415F5C75C00533536 /* Sparkle.framework in CopyFiles */,
				162972B1097B414800158D7B /* SnoizeMIDI.framework in CopyFiles */,
				162972B2097B414C00158D7B /* SnoizeMIDISpy.framework in CopyFiles */,
			);
			runOnlyForDeploymentPostprocessing = 0;
		};
/* End PBXCopyFilesBuildPhase section */

/* Begin PBXFileReference section */
		1058C7A7FEA54F5311CA2CBB /* Cocoa.framework */ = {isa = PBXFileReference; lastKnownFileType = wrapper.framework; name = Cocoa.framework; path = /System/Library/Frameworks/Cocoa.framework; sourceTree = "<absolute>"; };
		161B71E015D8D76A006E21D4 /* Sparkle.xcodeproj */ = {isa = PBXFileReference; lastKnownFileType = "wrapper.pb-project"; name = Sparkle.xcodeproj; path = ../../ThirdParty/Sparkle/Sparkle.xcodeproj; sourceTree = "<group>"; };
		161B71F915D8DD83006E21D4 /* dsa_pub.pem */ = {isa = PBXFileReference; fileEncoding = 4; lastKnownFileType = text; name = dsa_pub.pem; path = ../../Updates/dsa_pub.pem; sourceTree = "<group>"; };
		161B71FC15D8DFA5006E21D4 /* MIDIMonitor.xml */ = {isa = PBXFileReference; lastKnownFileType = text.xml; name = MIDIMonitor.xml; path = ../../Updates/MIDIMonitor.xml; sourceTree = "<group>"; };
		162310440E6CCC6100A700CA /* SnoizeMIDI.framework */ = {isa = PBXFileReference; lastKnownFileType = wrapper.framework; path = SnoizeMIDI.framework; sourceTree = BUILT_PRODUCTS_DIR; };
		162310450E6CCC6100A700CA /* SnoizeMIDISpy.framework */ = {isa = PBXFileReference; lastKnownFileType = wrapper.framework; path = SnoizeMIDISpy.framework; sourceTree = BUILT_PRODUCTS_DIR; };
		162A31F0254E91B5008E1F38 /* Snoize-Signing.xcconfig */ = {isa = PBXFileReference; lastKnownFileType = text.xcconfig; name = "Snoize-Signing.xcconfig"; path = "../../Configurations/Snoize-Signing.xcconfig"; sourceTree = "<group>"; };
		163FB5E8199ED5810017B664 /* SNDisclosureArrowDown@2x.tiff */ = {isa = PBXFileReference; lastKnownFileType = image.tiff; path = "SNDisclosureArrowDown@2x.tiff"; sourceTree = "<group>"; };
		163FB5E9199ED5810017B664 /* SNDisclosureArrowRight@2x.tiff */ = {isa = PBXFileReference; lastKnownFileType = image.tiff; path = "SNDisclosureArrowRight@2x.tiff"; sourceTree = "<group>"; };
		167B884206ED4D650053D305 /* Info-MIDIMonitor.plist */ = {isa = PBXFileReference; fileEncoding = 4; lastKnownFileType = text.plist.xml; path = "Info-MIDIMonitor.plist"; sourceTree = "<group>"; };
		167B884306ED4D650053D305 /* MIDI Monitor.app */ = {isa = PBXFileReference; explicitFileType = wrapper.application; includeInIndex = 0; path = "MIDI Monitor.app"; sourceTree = BUILT_PRODUCTS_DIR; };
		1691E0D804CA1C1400ACFC9D /* SMMDetailsWindowController.h */ = {isa = PBXFileReference; fileEncoding = 4; lastKnownFileType = sourcecode.c.h; path = SMMDetailsWindowController.h; sourceTree = "<group>"; };
		1691E0DA04CA1C1E00ACFC9D /* SMMDetailsWindowController.m */ = {isa = PBXFileReference; fileEncoding = 4; lastKnownFileType = sourcecode.c.objc; path = SMMDetailsWindowController.m; sourceTree = "<group>"; };
		1691E0DD04CA26F300ACFC9D /* English */ = {isa = PBXFileReference; lastKnownFileType = wrapper.nib; name = English; path = English.lproj/Details.nib; sourceTree = "<group>"; };
		169E7114097B2021001AFB58 /* Snoize-Project-Debug.xcconfig */ = {isa = PBXFileReference; fileEncoding = 30; lastKnownFileType = text.xcconfig; name = "Snoize-Project-Debug.xcconfig"; path = "../../Configurations/Snoize-Project-Debug.xcconfig"; sourceTree = SOURCE_ROOT; };
		169E7115097B2021001AFB58 /* Snoize-Project-Global.xcconfig */ = {isa = PBXFileReference; fileEncoding = 30; lastKnownFileType = text.xcconfig; name = "Snoize-Project-Global.xcconfig"; path = "../../Configurations/Snoize-Project-Global.xcconfig"; sourceTree = SOURCE_ROOT; };
		169E7116097B2021001AFB58 /* Snoize-Project-Release.xcconfig */ = {isa = PBXFileReference; fileEncoding = 30; lastKnownFileType = text.xcconfig; name = "Snoize-Project-Release.xcconfig"; path = "../../Configurations/Snoize-Project-Release.xcconfig"; sourceTree = SOURCE_ROOT; };
		169E716F097B2203001AFB58 /* Snoize-Application-Debug.xcconfig */ = {isa = PBXFileReference; fileEncoding = 30; lastKnownFileType = text.xcconfig; name = "Snoize-Application-Debug.xcconfig"; path = "../../Configurations/Snoize-Application-Debug.xcconfig"; sourceTree = SOURCE_ROOT; };
		169E7170097B2203001AFB58 /* Snoize-Application-Global.xcconfig */ = {isa = PBXFileReference; fileEncoding = 30; lastKnownFileType = text.xcconfig; name = "Snoize-Application-Global.xcconfig"; path = "../../Configurations/Snoize-Application-Global.xcconfig"; sourceTree = SOURCE_ROOT; };
		169E7171097B2203001AFB58 /* Snoize-Application-Release.xcconfig */ = {isa = PBXFileReference; fileEncoding = 30; lastKnownFileType = text.xcconfig; name = "Snoize-Application-Release.xcconfig"; path = "../../Configurations/Snoize-Application-Release.xcconfig"; sourceTree = SOURCE_ROOT; };
		169E71A1097B2419001AFB58 /* SnoizeMIDI.xcodeproj */ = {isa = PBXFileReference; lastKnownFileType = "wrapper.pb-project"; name = SnoizeMIDI.xcodeproj; path = ../../Frameworks/SnoizeMIDI/SnoizeMIDI.xcodeproj; sourceTree = SOURCE_ROOT; };
		169E71A8097B242A001AFB58 /* SnoizeMIDISpy.xcodeproj */ = {isa = PBXFileReference; lastKnownFileType = "wrapper.pb-project"; name = SnoizeMIDISpy.xcodeproj; path = ../../Frameworks/SnoizeMIDISpy/SnoizeMIDISpy.xcodeproj; sourceTree = SOURCE_ROOT; };
		16C267D015D836B2009F4BE4 /* SNDisclosureArrowDown.tiff */ = {isa = PBXFileReference; lastKnownFileType = image.tiff; path = SNDisclosureArrowDown.tiff; sourceTree = "<group>"; };
		16C267D115D836B2009F4BE4 /* SNDisclosureArrowRight.tiff */ = {isa = PBXFileReference; lastKnownFileType = image.tiff; path = SNDisclosureArrowRight.tiff; sourceTree = "<group>"; };
		16C267D415D836C6009F4BE4 /* SNDisclosableView.h */ = {isa = PBXFileReference; fileEncoding = 4; lastKnownFileType = sourcecode.c.h; path = SNDisclosableView.h; sourceTree = "<group>"; };
		16C267D515D836C6009F4BE4 /* SNDisclosableView.m */ = {isa = PBXFileReference; fileEncoding = 4; lastKnownFileType = sourcecode.c.objc; path = SNDisclosableView.m; sourceTree = "<group>"; };
		16C267D615D836C6009F4BE4 /* SNDisclosureButton.h */ = {isa = PBXFileReference; fileEncoding = 4; lastKnownFileType = sourcecode.c.h; path = SNDisclosureButton.h; sourceTree = "<group>"; };
		16C267D715D836C6009F4BE4 /* SNDisclosureButton.m */ = {isa = PBXFileReference; fileEncoding = 4; lastKnownFileType = sourcecode.c.objc; path = SNDisclosureButton.m; sourceTree = "<group>"; };
		16F20F4906EAA14A00D9C507 /* Defaults.plist */ = {isa = PBXFileReference; fileEncoding = 30; lastKnownFileType = text.plist.xml; path = Defaults.plist; sourceTree = "<group>"; };
		16F210DC06EAB24700D9C507 /* NSString-SMMExtensions.h */ = {isa = PBXFileReference; fileEncoding = 30; lastKnownFileType = sourcecode.c.h; path = "NSString-SMMExtensions.h"; sourceTree = "<group>"; };
		16F210DD06EAB24700D9C507 /* NSString-SMMExtensions.m */ = {isa = PBXFileReference; fileEncoding = 30; lastKnownFileType = sourcecode.c.objc; path = "NSString-SMMExtensions.m"; sourceTree = "<group>"; };
		2A37F4ACFDCFA73011CA2CEA /* SMMDocument.m */ = {isa = PBXFileReference; fileEncoding = 4; lastKnownFileType = sourcecode.c.objc; path = SMMDocument.m; sourceTree = "<group>"; };
		2A37F4AEFDCFA73011CA2CEA /* SMMDocument.h */ = {isa = PBXFileReference; fileEncoding = 4; lastKnownFileType = sourcecode.c.h; path = SMMDocument.h; sourceTree = "<group>"; };
		2A37F4B0FDCFA73011CA2CEA /* main.m */ = {isa = PBXFileReference; fileEncoding = 4; lastKnownFileType = sourcecode.c.objc; path = main.m; sourceTree = "<group>"; };
		2A37F4B5FDCFA73011CA2CEA /* English */ = {isa = PBXFileReference; lastKnownFileType = wrapper.nib; name = English; path = English.lproj/MIDIMonitor.nib; sourceTree = "<group>"; };
		2A37F4B7FDCFA73011CA2CEA /* English */ = {isa = PBXFileReference; lastKnownFileType = wrapper.nib; name = English; path = English.lproj/MainMenu.nib; sourceTree = "<group>"; };
		2A37F4BAFDCFA73011CA2CEA /* English */ = {isa = PBXFileReference; lastKnownFileType = text.rtf; name = English; path = English.lproj/Credits.rtf; sourceTree = "<group>"; };
		2A37F4C4FDCFA73011CA2CEA /* AppKit.framework */ = {isa = PBXFileReference; lastKnownFileType = wrapper.framework; name = AppKit.framework; path = /System/Library/Frameworks/AppKit.framework; sourceTree = "<absolute>"; };
		2A37F4C5FDCFA73011CA2CEA /* Foundation.framework */ = {isa = PBXFileReference; lastKnownFileType = wrapper.framework; name = Foundation.framework; path = /System/Library/Frameworks/Foundation.framework; sourceTree = "<absolute>"; };
		F53A1C06015EB24301000164 /* SMMPreferencesWindowController.h */ = {isa = PBXFileReference; fileEncoding = 4; lastKnownFileType = sourcecode.c.h; path = SMMPreferencesWindowController.h; sourceTree = "<group>"; };
		F53A1C07015EB24301000164 /* SMMPreferencesWindowController.m */ = {isa = PBXFileReference; fileEncoding = 4; lastKnownFileType = sourcecode.c.objc; path = SMMPreferencesWindowController.m; sourceTree = "<group>"; };
		F53A1C0B015EC0FB01000164 /* English */ = {isa = PBXFileReference; lastKnownFileType = wrapper.nib; name = English; path = English.lproj/Preferences.nib; sourceTree = "<group>"; };
		F53BB4AF015D96A501000164 /* English */ = {isa = PBXFileReference; fileEncoding = 10; lastKnownFileType = text.plist.strings; name = English; path = English.lproj/MIDIMonitor.strings; sourceTree = "<group>"; };
		F53D4AB5015AAA2C01000164 /* SMMMonitorWindowController.h */ = {isa = PBXFileReference; fileEncoding = 4; lastKnownFileType = sourcecode.c.h; path = SMMMonitorWindowController.h; sourceTree = "<group>"; };
		F53D4AB6015AAA2C01000164 /* SMMMonitorWindowController.m */ = {isa = PBXFileReference; fileEncoding = 4; lastKnownFileType = sourcecode.c.objc; path = SMMMonitorWindowController.m; sourceTree = "<group>"; };
		F53D4AB9015AAB7E01000164 /* SMMAppController.h */ = {isa = PBXFileReference; fileEncoding = 4; lastKnownFileType = sourcecode.c.h; path = SMMAppController.h; sourceTree = "<group>"; };
		F53D4ABA015AAB7E01000164 /* SMMAppController.m */ = {isa = PBXFileReference; fileEncoding = 4; lastKnownFileType = sourcecode.c.objc; path = SMMAppController.m; sourceTree = "<group>"; };
		F547DDD90318496E01000164 /* PrecompHeader.h */ = {isa = PBXFileReference; fileEncoding = 4; lastKnownFileType = sourcecode.c.h; path = PrecompHeader.h; sourceTree = "<group>"; };
		F55462270263619E01000164 /* SMMFastAnimatingWindow.h */ = {isa = PBXFileReference; fileEncoding = 4; lastKnownFileType = sourcecode.c.h; path = SMMFastAnimatingWindow.h; sourceTree = "<group>"; };
		F55462280263619E01000164 /* SMMFastAnimatingWindow.m */ = {isa = PBXFileReference; fileEncoding = 4; lastKnownFileType = sourcecode.c.objc; path = SMMFastAnimatingWindow.m; sourceTree = "<group>"; };
		F55C9C140244CE3701000164 /* SMMCombinationInputStream.h */ = {isa = PBXFileReference; fileEncoding = 4; lastKnownFileType = sourcecode.c.h; path = SMMCombinationInputStream.h; sourceTree = "<group>"; };
		F55C9C150244CE3701000164 /* SMMCombinationInputStream.m */ = {isa = PBXFileReference; fileEncoding = 4; lastKnownFileType = sourcecode.c.objc; path = SMMCombinationInputStream.m; sourceTree = "<group>"; };
		F562148D02408B2D01000164 /* SMMSpyingInputStream.h */ = {isa = PBXFileReference; fileEncoding = 4; lastKnownFileType = sourcecode.c.h; path = SMMSpyingInputStream.h; sourceTree = "<group>"; };
		F562148E02408B2D01000164 /* SMMSpyingInputStream.m */ = {isa = PBXFileReference; fileEncoding = 4; lastKnownFileType = sourcecode.c.objc; path = SMMSpyingInputStream.m; sourceTree = "<group>"; };
		F56D31A40195A90E01000164 /* English */ = {isa = PBXFileReference; includeInIndex = 0; lastKnownFileType = text.html; name = English; path = English.lproj/docs.htmld; sourceTree = "<group>"; };
		F56E05CA0206BAB401000164 /* SMMSysExWindowController.h */ = {isa = PBXFileReference; fileEncoding = 4; lastKnownFileType = sourcecode.c.h; path = SMMSysExWindowController.h; sourceTree = "<group>"; };
		F56E05CB0206BAB401000164 /* SMMSysExWindowController.m */ = {isa = PBXFileReference; fileEncoding = 4; lastKnownFileType = sourcecode.c.objc; path = SMMSysExWindowController.m; sourceTree = "<group>"; };
		F56E05CF0206BF0C01000164 /* English */ = {isa = PBXFileReference; lastKnownFileType = wrapper.nib; name = English; path = English.lproj/SysEx.nib; sourceTree = "<group>"; };
		F57053DA018D364A01000164 /* Document.icns */ = {isa = PBXFileReference; lastKnownFileType = image.icns; path = Document.icns; sourceTree = "<group>"; };
		F579B5E9018D0F0D01000164 /* MIDIMonitor.icns */ = {isa = PBXFileReference; lastKnownFileType = image.icns; path = MIDIMonitor.icns; sourceTree = "<group>"; };
		F57F628A0261C8FC01000164 /* SMMSourcesOutlineView.h */ = {isa = PBXFileReference; fileEncoding = 4; lastKnownFileType = sourcecode.c.h; path = SMMSourcesOutlineView.h; sourceTree = "<group>"; };
		F57F628B0261C8FC01000164 /* SMMSourcesOutlineView.m */ = {isa = PBXFileReference; fileEncoding = 4; lastKnownFileType = sourcecode.c.objc; path = SMMSourcesOutlineView.m; sourceTree = "<group>"; };
		F57F628F0261D5A701000164 /* SMMNonHighlightingCells.h */ = {isa = PBXFileReference; fileEncoding = 4; lastKnownFileType = sourcecode.c.h; path = SMMNonHighlightingCells.h; sourceTree = "<group>"; };
		F57F62900261D5A701000164 /* SMMNonHighlightingCells.m */ = {isa = PBXFileReference; fileEncoding = 4; lastKnownFileType = sourcecode.c.objc; path = SMMNonHighlightingCells.m; sourceTree = "<group>"; };
		F5B4281801A360AD01000164 /* CoreMIDI.framework */ = {isa = PBXFileReference; lastKnownFileType = wrapper.framework; name = CoreMIDI.framework; path = /System/Library/Frameworks/CoreMIDI.framework; sourceTree = "<absolute>"; };
		F5DCBE8E02E6064E01000164 /* SMMWindowController.h */ = {isa = PBXFileReference; fileEncoding = 4; lastKnownFileType = sourcecode.c.h; path = SMMWindowController.h; sourceTree = "<group>"; };
		F5DCBE8F02E6064E01000164 /* SMMWindowController.m */ = {isa = PBXFileReference; fileEncoding = 4; lastKnownFileType = sourcecode.c.objc; path = SMMWindowController.m; sourceTree = "<group>"; };
/* End PBXFileReference section */

/* Begin PBXFrameworksBuildPhase section */
		167B883806ED4D650053D305 /* Frameworks */ = {
			isa = PBXFrameworksBuildPhase;
			buildActionMask = 2147483647;
			files = (
				167B883906ED4D650053D305 /* Cocoa.framework in Frameworks */,
				167B883B06ED4D650053D305 /* CoreMIDI.framework in Frameworks */,
				16E8F01D097B2E8B00B52193 /* SnoizeMIDI.framework in Frameworks */,
				16E8F01A097B2E5200B52193 /* SnoizeMIDISpy.framework in Frameworks */,
				161B71F815D8D79E006E21D4 /* Sparkle.framework in Frameworks */,
			);
			runOnlyForDeploymentPostprocessing = 0;
		};
/* End PBXFrameworksBuildPhase section */

/* Begin PBXGroup section */
		1058C7A6FEA54F5311CA2CBB /* Linked Frameworks */ = {
			isa = PBXGroup;
			children = (
				1058C7A7FEA54F5311CA2CBB /* Cocoa.framework */,
				F5B4281801A360AD01000164 /* CoreMIDI.framework */,
				162310440E6CCC6100A700CA /* SnoizeMIDI.framework */,
				162310450E6CCC6100A700CA /* SnoizeMIDISpy.framework */,
			);
			name = "Linked Frameworks";
			sourceTree = "<group>";
		};
		1058C7A8FEA54F5311CA2CBB /* Other Frameworks */ = {
			isa = PBXGroup;
			children = (
				2A37F4C5FDCFA73011CA2CEA /* Foundation.framework */,
				2A37F4C4FDCFA73011CA2CEA /* AppKit.framework */,
			);
			name = "Other Frameworks";
			sourceTree = "<group>";
		};
		161B71E115D8D76A006E21D4 /* Products */ = {
			isa = PBXGroup;
			children = (
				161B71EF15D8D76B006E21D4 /* Sparkle.framework */,
				161B71F115D8D76B006E21D4 /* Sparkle Test App.app */,
				161B71F315D8D76B006E21D4 /* Sparkle Unit Tests.xctest */,
				161B71F515D8D76B006E21D4 /* BinaryDelta */,
				161B71F715D8D76B006E21D4 /* Autoupdate.app */,
				16E58EC81FB7C69200FDD31D /* UI Tests.xctest */,
				16E58ECA1FB7C69200FDD31D /* fileop */,
				16C9CFAE2116D4A6004434D8 /* generate_appcast */,
				16D8B2C2232EFB7900755057 /* generate_keys */,
				16D8B2C4232EFB7900755057 /* sign_update */,
				16D8B2C6232EFB7900755057 /* libbsdiff.a */,
				16D8B2C8232EFB7900755057 /* libed25519.a */,
			);
			name = Products;
			sourceTree = "<group>";
		};
		161B71FB15D8DF8E006E21D4 /* Updates */ = {
			isa = PBXGroup;
			children = (
				161B71FC15D8DFA5006E21D4 /* MIDIMonitor.xml */,
			);
			name = Updates;
			sourceTree = "<group>";
		};
		169E7113097B200A001AFB58 /* Configurations */ = {
			isa = PBXGroup;
			children = (
				162A31F0254E91B5008E1F38 /* Snoize-Signing.xcconfig */,
				169E7115097B2021001AFB58 /* Snoize-Project-Global.xcconfig */,
				169E7114097B2021001AFB58 /* Snoize-Project-Debug.xcconfig */,
				169E7116097B2021001AFB58 /* Snoize-Project-Release.xcconfig */,
				169E7170097B2203001AFB58 /* Snoize-Application-Global.xcconfig */,
				169E716F097B2203001AFB58 /* Snoize-Application-Debug.xcconfig */,
				169E7171097B2203001AFB58 /* Snoize-Application-Release.xcconfig */,
			);
			name = Configurations;
			sourceTree = "<group>";
		};
		169E71A0097B23FF001AFB58 /* Other Projects */ = {
			isa = PBXGroup;
			children = (
				169E71A1097B2419001AFB58 /* SnoizeMIDI.xcodeproj */,
				169E71A8097B242A001AFB58 /* SnoizeMIDISpy.xcodeproj */,
				161B71E015D8D76A006E21D4 /* Sparkle.xcodeproj */,
			);
			name = "Other Projects";
			sourceTree = "<group>";
		};
		169E71A2097B2419001AFB58 /* Products */ = {
			isa = PBXGroup;
			children = (
				169E71A7097B2419001AFB58 /* SnoizeMIDI.framework */,
				1651E77B14A971C800EF79CD /* libSnoizeMIDIiOS.a */,
				1682E811176EE3A400089623 /* libSnoizeMIDI.a */,
			);
			name = Products;
			sourceTree = "<group>";
		};
		169E71A9097B242A001AFB58 /* Products */ = {
			isa = PBXGroup;
			children = (
				169E71AF097B242A001AFB58 /* MIDI Monitor.plugin */,
				169E71B1097B242A001AFB58 /* SnoizeMIDISpy.framework */,
			);
			name = Products;
			sourceTree = "<group>";
		};
		19C28FB0FE9D524F11CA2CBB /* Products */ = {
			isa = PBXGroup;
			children = (
				167B884306ED4D650053D305 /* MIDI Monitor.app */,
			);
			name = Products;
			sourceTree = "<group>";
		};
		2A37F4AAFDCFA73011CA2CEA /* MIDIMonitor */ = {
			isa = PBXGroup;
			children = (
				2A37F4ABFDCFA73011CA2CEA /* Classes */,
				2A37F4AFFDCFA73011CA2CEA /* Other Sources */,
				2A37F4B8FDCFA73011CA2CEA /* Resources */,
				2A37F4C3FDCFA73011CA2CEA /* Frameworks */,
				169E7113097B200A001AFB58 /* Configurations */,
				169E71A0097B23FF001AFB58 /* Other Projects */,
				19C28FB0FE9D524F11CA2CBB /* Products */,
				161B71FB15D8DF8E006E21D4 /* Updates */,
			);
			name = MIDIMonitor;
			sourceTree = "<group>";
		};
		2A37F4ABFDCFA73011CA2CEA /* Classes */ = {
			isa = PBXGroup;
			children = (
				F53D4AB9015AAB7E01000164 /* SMMAppController.h */,
				F53D4ABA015AAB7E01000164 /* SMMAppController.m */,
				2A37F4AEFDCFA73011CA2CEA /* SMMDocument.h */,
				2A37F4ACFDCFA73011CA2CEA /* SMMDocument.m */,
				F53D4AB5015AAA2C01000164 /* SMMMonitorWindowController.h */,
				F53D4AB6015AAA2C01000164 /* SMMMonitorWindowController.m */,
				F53A1C06015EB24301000164 /* SMMPreferencesWindowController.h */,
				F53A1C07015EB24301000164 /* SMMPreferencesWindowController.m */,
				1691E0D804CA1C1400ACFC9D /* SMMDetailsWindowController.h */,
				1691E0DA04CA1C1E00ACFC9D /* SMMDetailsWindowController.m */,
				F56E05CA0206BAB401000164 /* SMMSysExWindowController.h */,
				F56E05CB0206BAB401000164 /* SMMSysExWindowController.m */,
				16C267D415D836C6009F4BE4 /* SNDisclosableView.h */,
				16C267D515D836C6009F4BE4 /* SNDisclosableView.m */,
				16C267D615D836C6009F4BE4 /* SNDisclosureButton.h */,
				16C267D715D836C6009F4BE4 /* SNDisclosureButton.m */,
				F571C56C01903F3301000164 /* Cocoa Extensions */,
				F57F62950261E14501000164 /* SnoizeMIDI Extensions */,
			);
			name = Classes;
			sourceTree = "<group>";
		};
		2A37F4AFFDCFA73011CA2CEA /* Other Sources */ = {
			isa = PBXGroup;
			children = (
				2A37F4B0FDCFA73011CA2CEA /* main.m */,
				F547DDD90318496E01000164 /* PrecompHeader.h */,
			);
			name = "Other Sources";
			sourceTree = "<group>";
		};
		2A37F4B8FDCFA73011CA2CEA /* Resources */ = {
			isa = PBXGroup;
			children = (
				2A37F4B9FDCFA73011CA2CEA /* Credits.rtf */,
				16F20F4906EAA14A00D9C507 /* Defaults.plist */,
				2A37F4B6FDCFA73011CA2CEA /* MainMenu.nib */,
				2A37F4B4FDCFA73011CA2CEA /* MIDIMonitor.nib */,
				F53A1C0A015EC0FB01000164 /* Preferences.nib */,
				1691E0DC04CA26F300ACFC9D /* Details.nib */,
				F56E05CE0206BF0C01000164 /* SysEx.nib */,
				167B884206ED4D650053D305 /* Info-MIDIMonitor.plist */,
				F53BB4AE015D96A501000164 /* MIDIMonitor.strings */,
				F579B5E9018D0F0D01000164 /* MIDIMonitor.icns */,
				F57053DA018D364A01000164 /* Document.icns */,
				F56D31A30195A90E01000164 /* docs.htmld */,
				16C267D015D836B2009F4BE4 /* SNDisclosureArrowDown.tiff */,
				163FB5E8199ED5810017B664 /* SNDisclosureArrowDown@2x.tiff */,
				16C267D115D836B2009F4BE4 /* SNDisclosureArrowRight.tiff */,
				163FB5E9199ED5810017B664 /* SNDisclosureArrowRight@2x.tiff */,
				161B71F915D8DD83006E21D4 /* dsa_pub.pem */,
			);
			name = Resources;
			sourceTree = "<group>";
		};
		2A37F4C3FDCFA73011CA2CEA /* Frameworks */ = {
			isa = PBXGroup;
			children = (
				1058C7A6FEA54F5311CA2CBB /* Linked Frameworks */,
				1058C7A8FEA54F5311CA2CBB /* Other Frameworks */,
			);
			name = Frameworks;
			sourceTree = "<group>";
		};
		F571C56C01903F3301000164 /* Cocoa Extensions */ = {
			isa = PBXGroup;
			children = (
				16F210DC06EAB24700D9C507 /* NSString-SMMExtensions.h */,
				16F210DD06EAB24700D9C507 /* NSString-SMMExtensions.m */,
				F57F628A0261C8FC01000164 /* SMMSourcesOutlineView.h */,
				F57F628B0261C8FC01000164 /* SMMSourcesOutlineView.m */,
				F57F628F0261D5A701000164 /* SMMNonHighlightingCells.h */,
				F57F62900261D5A701000164 /* SMMNonHighlightingCells.m */,
				F55462270263619E01000164 /* SMMFastAnimatingWindow.h */,
				F55462280263619E01000164 /* SMMFastAnimatingWindow.m */,
				F5DCBE8E02E6064E01000164 /* SMMWindowController.h */,
				F5DCBE8F02E6064E01000164 /* SMMWindowController.m */,
			);
			name = "Cocoa Extensions";
			sourceTree = "<group>";
		};
		F57F62950261E14501000164 /* SnoizeMIDI Extensions */ = {
			isa = PBXGroup;
			children = (
				F562148D02408B2D01000164 /* SMMSpyingInputStream.h */,
				F562148E02408B2D01000164 /* SMMSpyingInputStream.m */,
				F55C9C140244CE3701000164 /* SMMCombinationInputStream.h */,
				F55C9C150244CE3701000164 /* SMMCombinationInputStream.m */,
			);
			name = "SnoizeMIDI Extensions";
			sourceTree = "<group>";
		};
/* End PBXGroup section */

/* Begin PBXNativeTarget section */
		167B880506ED4D650053D305 /* MIDIMonitor */ = {
			isa = PBXNativeTarget;
			buildConfigurationList = 16AF2646097B1EFB00BC87DC /* Build configuration list for PBXNativeTarget "MIDIMonitor" */;
			buildPhases = (
				167B881806ED4D650053D305 /* Resources */,
				162972AD097B413E00158D7B /* CopyFiles */,
				167B882606ED4D650053D305 /* Sources */,
				167B883806ED4D650053D305 /* Frameworks */,
				162972B4097B415900158D7B /* Run Script (Remove Headers from Frameworks) */,
			);
			buildRules = (
			);
			dependencies = (
				162972C3097B41A700158D7B /* PBXTargetDependency */,
				162972C5097B41AA00158D7B /* PBXTargetDependency */,
			);
			name = MIDIMonitor;
			productInstallPath = /Users/Shared/krevis/InstalledProducts;
			productName = MIDIMonitor;
			productReference = 167B884306ED4D650053D305 /* MIDI Monitor.app */;
			productType = "com.apple.product-type.application";
		};
/* End PBXNativeTarget section */

/* Begin PBXProject section */
		2A37F4A9FDCFA73011CA2CEA /* Project object */ = {
			isa = PBXProject;
			attributes = {
				LastUpgradeCheck = 1000;
				TargetAttributes = {
					167B880506ED4D650053D305 = {
						DevelopmentTeam = YDJAW5GX9U;
						ProvisioningStyle = Automatic;
					};
				};
			};
			buildConfigurationList = 16AF264E097B1EFB00BC87DC /* Build configuration list for PBXProject "MIDIMonitor" */;
			compatibilityVersion = "Xcode 3.2";
			developmentRegion = English;
			hasScannedForEncodings = 1;
			knownRegions = (
				English,
				Japanese,
				French,
				German,
			);
			mainGroup = 2A37F4AAFDCFA73011CA2CEA /* MIDIMonitor */;
			projectDirPath = "";
			projectReferences = (
				{
					ProductGroup = 169E71A2097B2419001AFB58 /* Products */;
					ProjectRef = 169E71A1097B2419001AFB58 /* SnoizeMIDI.xcodeproj */;
				},
				{
					ProductGroup = 169E71A9097B242A001AFB58 /* Products */;
					ProjectRef = 169E71A8097B242A001AFB58 /* SnoizeMIDISpy.xcodeproj */;
				},
				{
					ProductGroup = 161B71E115D8D76A006E21D4 /* Products */;
					ProjectRef = 161B71E015D8D76A006E21D4 /* Sparkle.xcodeproj */;
				},
			);
			projectRoot = ../..;
			targets = (
				167B880506ED4D650053D305 /* MIDIMonitor */,
			);
		};
/* End PBXProject section */

/* Begin PBXReferenceProxy section */
		161B71EF15D8D76B006E21D4 /* Sparkle.framework */ = {
			isa = PBXReferenceProxy;
			fileType = wrapper.framework;
			path = Sparkle.framework;
			remoteRef = 161B71EE15D8D76B006E21D4 /* PBXContainerItemProxy */;
			sourceTree = BUILT_PRODUCTS_DIR;
		};
		161B71F115D8D76B006E21D4 /* Sparkle Test App.app */ = {
			isa = PBXReferenceProxy;
			fileType = wrapper.application;
			path = "Sparkle Test App.app";
			remoteRef = 161B71F015D8D76B006E21D4 /* PBXContainerItemProxy */;
			sourceTree = BUILT_PRODUCTS_DIR;
		};
		161B71F315D8D76B006E21D4 /* Sparkle Unit Tests.xctest */ = {
			isa = PBXReferenceProxy;
			fileType = wrapper.cfbundle;
			path = "Sparkle Unit Tests.xctest";
			remoteRef = 161B71F215D8D76B006E21D4 /* PBXContainerItemProxy */;
			sourceTree = BUILT_PRODUCTS_DIR;
		};
		161B71F515D8D76B006E21D4 /* BinaryDelta */ = {
			isa = PBXReferenceProxy;
			fileType = "compiled.mach-o.executable";
			path = BinaryDelta;
			remoteRef = 161B71F415D8D76B006E21D4 /* PBXContainerItemProxy */;
			sourceTree = BUILT_PRODUCTS_DIR;
		};
		161B71F715D8D76B006E21D4 /* Autoupdate.app */ = {
			isa = PBXReferenceProxy;
			fileType = wrapper.application;
			path = Autoupdate.app;
			remoteRef = 161B71F615D8D76B006E21D4 /* PBXContainerItemProxy */;
			sourceTree = BUILT_PRODUCTS_DIR;
		};
		1651E77B14A971C800EF79CD /* libSnoizeMIDIiOS.a */ = {
			isa = PBXReferenceProxy;
			fileType = archive.ar;
			path = libSnoizeMIDIiOS.a;
			remoteRef = 1651E77A14A971C800EF79CD /* PBXContainerItemProxy */;
			sourceTree = BUILT_PRODUCTS_DIR;
		};
		1682E811176EE3A400089623 /* libSnoizeMIDI.a */ = {
			isa = PBXReferenceProxy;
			fileType = archive.ar;
			path = libSnoizeMIDI.a;
			remoteRef = 1682E810176EE3A400089623 /* PBXContainerItemProxy */;
			sourceTree = BUILT_PRODUCTS_DIR;
		};
		169E71A7097B2419001AFB58 /* SnoizeMIDI.framework */ = {
			isa = PBXReferenceProxy;
			fileType = wrapper.framework;
			path = SnoizeMIDI.framework;
			remoteRef = 169E71A6097B2419001AFB58 /* PBXContainerItemProxy */;
			sourceTree = BUILT_PRODUCTS_DIR;
		};
		169E71AF097B242A001AFB58 /* MIDI Monitor.plugin */ = {
			isa = PBXReferenceProxy;
			fileType = wrapper.cfbundle;
			path = "MIDI Monitor.plugin";
			remoteRef = 169E71AE097B242A001AFB58 /* PBXContainerItemProxy */;
			sourceTree = BUILT_PRODUCTS_DIR;
		};
		169E71B1097B242A001AFB58 /* SnoizeMIDISpy.framework */ = {
			isa = PBXReferenceProxy;
			fileType = wrapper.framework;
			path = SnoizeMIDISpy.framework;
			remoteRef = 169E71B0097B242A001AFB58 /* PBXContainerItemProxy */;
			sourceTree = BUILT_PRODUCTS_DIR;
		};
		16C9CFAE2116D4A6004434D8 /* generate_appcast */ = {
			isa = PBXReferenceProxy;
			fileType = "compiled.mach-o.executable";
			path = generate_appcast;
			remoteRef = 16C9CFAD2116D4A6004434D8 /* PBXContainerItemProxy */;
			sourceTree = BUILT_PRODUCTS_DIR;
		};
		16D8B2C2232EFB7900755057 /* generate_keys */ = {
			isa = PBXReferenceProxy;
			fileType = "compiled.mach-o.executable";
			path = generate_keys;
			remoteRef = 16D8B2C1232EFB7900755057 /* PBXContainerItemProxy */;
			sourceTree = BUILT_PRODUCTS_DIR;
		};
		16D8B2C4232EFB7900755057 /* sign_update */ = {
			isa = PBXReferenceProxy;
			fileType = "compiled.mach-o.executable";
			path = sign_update;
			remoteRef = 16D8B2C3232EFB7900755057 /* PBXContainerItemProxy */;
			sourceTree = BUILT_PRODUCTS_DIR;
		};
		16D8B2C6232EFB7900755057 /* libbsdiff.a */ = {
			isa = PBXReferenceProxy;
			fileType = archive.ar;
			path = libbsdiff.a;
			remoteRef = 16D8B2C5232EFB7900755057 /* PBXContainerItemProxy */;
			sourceTree = BUILT_PRODUCTS_DIR;
		};
		16D8B2C8232EFB7900755057 /* libed25519.a */ = {
			isa = PBXReferenceProxy;
			fileType = archive.ar;
			path = libed25519.a;
			remoteRef = 16D8B2C7232EFB7900755057 /* PBXContainerItemProxy */;
			sourceTree = BUILT_PRODUCTS_DIR;
		};
		16E58EC81FB7C69200FDD31D /* UI Tests.xctest */ = {
			isa = PBXReferenceProxy;
			fileType = wrapper.cfbundle;
			path = "UI Tests.xctest";
			remoteRef = 16E58EC71FB7C69200FDD31D /* PBXContainerItemProxy */;
			sourceTree = BUILT_PRODUCTS_DIR;
		};
		16E58ECA1FB7C69200FDD31D /* fileop */ = {
			isa = PBXReferenceProxy;
			fileType = "compiled.mach-o.executable";
			path = fileop;
			remoteRef = 16E58EC91FB7C69200FDD31D /* PBXContainerItemProxy */;
			sourceTree = BUILT_PRODUCTS_DIR;
		};
/* End PBXReferenceProxy section */

/* Begin PBXResourcesBuildPhase section */
		167B881806ED4D650053D305 /* Resources */ = {
			isa = PBXResourcesBuildPhase;
			buildActionMask = 2147483647;
			files = (
				167B881906ED4D650053D305 /* Credits.rtf in Resources */,
				167B881A06ED4D650053D305 /* MainMenu.nib in Resources */,
				167B881C06ED4D650053D305 /* MIDIMonitor.strings in Resources */,
				167B881D06ED4D650053D305 /* Preferences.nib in Resources */,
				167B881E06ED4D650053D305 /* MIDIMonitor.icns in Resources */,
				163FB5EB199ED5810017B664 /* SNDisclosureArrowRight@2x.tiff in Resources */,
				167B881F06ED4D650053D305 /* Document.icns in Resources */,
				167B882106ED4D650053D305 /* docs.htmld in Resources */,
				167B882206ED4D650053D305 /* SysEx.nib in Resources */,
				167B882306ED4D650053D305 /* MIDIMonitor.nib in Resources */,
				167B882406ED4D650053D305 /* Details.nib in Resources */,
				167B882506ED4D650053D305 /* Defaults.plist in Resources */,
				16C267D215D836B2009F4BE4 /* SNDisclosureArrowDown.tiff in Resources */,
				16C267D315D836B2009F4BE4 /* SNDisclosureArrowRight.tiff in Resources */,
				161B71FA15D8DD83006E21D4 /* dsa_pub.pem in Resources */,
				163FB5EA199ED5810017B664 /* SNDisclosureArrowDown@2x.tiff in Resources */,
			);
			runOnlyForDeploymentPostprocessing = 0;
		};
/* End PBXResourcesBuildPhase section */

/* Begin PBXShellScriptBuildPhase section */
		162972B4097B415900158D7B /* Run Script (Remove Headers from Frameworks) */ = {
			isa = PBXShellScriptBuildPhase;
			buildActionMask = 8;
			comments = "Remove Headers from Frameworks";
			files = (
			);
			inputPaths = (
			);
			name = "Run Script (Remove Headers from Frameworks)";
			outputPaths = (
			);
			runOnlyForDeploymentPostprocessing = 1;
			shellPath = /bin/sh;
			shellScript = "find \"$TARGET_BUILD_DIR/$FRAMEWORKS_FOLDER_PATH\" \\( -type d -or -type l \\) -name Headers -exec rm -rf {} \\; -prune\n";
		};
/* End PBXShellScriptBuildPhase section */

/* Begin PBXSourcesBuildPhase section */
		167B882606ED4D650053D305 /* Sources */ = {
			isa = PBXSourcesBuildPhase;
			buildActionMask = 2147483647;
			files = (
				167B882706ED4D650053D305 /* SMMDocument.m in Sources */,
				167B882806ED4D650053D305 /* main.m in Sources */,
				167B882906ED4D650053D305 /* SMMMonitorWindowController.m in Sources */,
				167B882A06ED4D650053D305 /* SMMAppController.m in Sources */,
				167B882B06ED4D650053D305 /* SMMPreferencesWindowController.m in Sources */,
				167B882C06ED4D650053D305 /* SMMSysExWindowController.m in Sources */,
				167B882D06ED4D650053D305 /* SMMSpyingInputStream.m in Sources */,
				167B882E06ED4D650053D305 /* SMMCombinationInputStream.m in Sources */,
				167B882F06ED4D650053D305 /* SMMSourcesOutlineView.m in Sources */,
				167B883006ED4D650053D305 /* SMMNonHighlightingCells.m in Sources */,
				167B883106ED4D650053D305 /* SMMFastAnimatingWindow.m in Sources */,
				167B883206ED4D650053D305 /* SMMWindowController.m in Sources */,
				167B883306ED4D650053D305 /* SMMDetailsWindowController.m in Sources */,
				167B883506ED4D650053D305 /* NSString-SMMExtensions.m in Sources */,
				16C267D815D836C6009F4BE4 /* SNDisclosableView.m in Sources */,
				16C267D915D836C6009F4BE4 /* SNDisclosureButton.m in Sources */,
			);
			runOnlyForDeploymentPostprocessing = 0;
		};
/* End PBXSourcesBuildPhase section */

/* Begin PBXTargetDependency section */
		162972C3097B41A700158D7B /* PBXTargetDependency */ = {
			isa = PBXTargetDependency;
			name = SnoizeMIDI;
			targetProxy = 162972C2097B41A700158D7B /* PBXContainerItemProxy */;
		};
		162972C5097B41AA00158D7B /* PBXTargetDependency */ = {
			isa = PBXTargetDependency;
			name = SnoizeMIDISpy.framework;
			targetProxy = 162972C4097B41AA00158D7B /* PBXContainerItemProxy */;
		};
/* End PBXTargetDependency section */

/* Begin PBXVariantGroup section */
		1691E0DC04CA26F300ACFC9D /* Details.nib */ = {
			isa = PBXVariantGroup;
			children = (
				1691E0DD04CA26F300ACFC9D /* English */,
			);
			name = Details.nib;
			sourceTree = "<group>";
		};
		2A37F4B4FDCFA73011CA2CEA /* MIDIMonitor.nib */ = {
			isa = PBXVariantGroup;
			children = (
				2A37F4B5FDCFA73011CA2CEA /* English */,
			);
			name = MIDIMonitor.nib;
			sourceTree = "<group>";
		};
		2A37F4B6FDCFA73011CA2CEA /* MainMenu.nib */ = {
			isa = PBXVariantGroup;
			children = (
				2A37F4B7FDCFA73011CA2CEA /* English */,
			);
			name = MainMenu.nib;
			sourceTree = "<group>";
		};
		2A37F4B9FDCFA73011CA2CEA /* Credits.rtf */ = {
			isa = PBXVariantGroup;
			children = (
				2A37F4BAFDCFA73011CA2CEA /* English */,
			);
			name = Credits.rtf;
			sourceTree = "<group>";
		};
		F53A1C0A015EC0FB01000164 /* Preferences.nib */ = {
			isa = PBXVariantGroup;
			children = (
				F53A1C0B015EC0FB01000164 /* English */,
			);
			name = Preferences.nib;
			sourceTree = "<group>";
		};
		F53BB4AE015D96A501000164 /* MIDIMonitor.strings */ = {
			isa = PBXVariantGroup;
			children = (
				F53BB4AF015D96A501000164 /* English */,
			);
			name = MIDIMonitor.strings;
			sourceTree = "<group>";
		};
		F56D31A30195A90E01000164 /* docs.htmld */ = {
			isa = PBXVariantGroup;
			children = (
				F56D31A40195A90E01000164 /* English */,
			);
			name = docs.htmld;
			sourceTree = "<group>";
		};
		F56E05CE0206BF0C01000164 /* SysEx.nib */ = {
			isa = PBXVariantGroup;
			children = (
				F56E05CF0206BF0C01000164 /* English */,
			);
			name = SysEx.nib;
			sourceTree = "<group>";
		};
/* End PBXVariantGroup section */

/* Begin XCBuildConfiguration section */
		169E716B097B20D7001AFB58 /* Release */ = {
			isa = XCBuildConfiguration;
			baseConfigurationReference = 169E7171097B2203001AFB58 /* Snoize-Application-Release.xcconfig */;
			buildSettings = {
				CLANG_ENABLE_OBJC_WEAK = YES;
				COMBINE_HIDPI_IMAGES = YES;
				CURRENT_PROJECT_VERSION = 1.4.1;
				GCC_PRECOMPILE_PREFIX_HEADER = YES;
				GCC_PREFIX_HEADER = PrecompHeader.h;
				INFOPLIST_FILE = "Info-MIDIMonitor.plist";
				MARKETING_VERSION = 1.4.1;
				PRECOMPS_INCLUDE_HEADERS_FROM_BUILT_PRODUCTS_DIR = NO;
				PRODUCT_BUNDLE_IDENTIFIER = com.snoize.MIDIMonitor;
				PRODUCT_NAME = "MIDI Monitor";
				WRAPPER_EXTENSION = app;
			};
			name = Release;
		};
		169E716C097B20D7001AFB58 /* Release */ = {
			isa = XCBuildConfiguration;
			baseConfigurationReference = 169E7116097B2021001AFB58 /* Snoize-Project-Release.xcconfig */;
			buildSettings = {
				CLANG_WARN_BLOCK_CAPTURE_AUTORELEASING = YES;
				CLANG_WARN_COMMA = YES;
				CLANG_WARN_DEPRECATED_OBJC_IMPLEMENTATIONS = YES;
				CLANG_WARN_INFINITE_RECURSION = YES;
				CLANG_WARN_NON_LITERAL_NULL_CONVERSION = YES;
				CLANG_WARN_OBJC_IMPLICIT_RETAIN_SELF = YES;
				CLANG_WARN_OBJC_LITERAL_CONVERSION = YES;
				CLANG_WARN_RANGE_LOOP_ANALYSIS = YES;
				CLANG_WARN_STRICT_PROTOTYPES = YES;
				CLANG_WARN_SUSPICIOUS_MOVE = YES;
			};
			name = Release;
		};
		16AF2649097B1EFB00BC87DC /* Debug */ = {
			isa = XCBuildConfiguration;
			baseConfigurationReference = 169E716F097B2203001AFB58 /* Snoize-Application-Debug.xcconfig */;
			buildSettings = {
				CLANG_ENABLE_OBJC_WEAK = YES;
				COMBINE_HIDPI_IMAGES = YES;
				CURRENT_PROJECT_VERSION = 1.4.1;
				GCC_PRECOMPILE_PREFIX_HEADER = YES;
				GCC_PREFIX_HEADER = PrecompHeader.h;
				INFOPLIST_FILE = "Info-MIDIMonitor.plist";
				MARKETING_VERSION = 1.4.1;
				PRECOMPS_INCLUDE_HEADERS_FROM_BUILT_PRODUCTS_DIR = NO;
				PRODUCT_BUNDLE_IDENTIFIER = com.snoize.MIDIMonitor;
				PRODUCT_NAME = "MIDI Monitor";
				WRAPPER_EXTENSION = app;
			};
			name = Debug;
		};
		16AF2651097B1EFB00BC87DC /* Debug */ = {
			isa = XCBuildConfiguration;
			baseConfigurationReference = 169E7114097B2021001AFB58 /* Snoize-Project-Debug.xcconfig */;
			buildSettings = {
				CLANG_WARN_BLOCK_CAPTURE_AUTORELEASING = YES;
				CLANG_WARN_COMMA = YES;
				CLANG_WARN_DEPRECATED_OBJC_IMPLEMENTATIONS = YES;
				CLANG_WARN_INFINITE_RECURSION = YES;
				CLANG_WARN_NON_LITERAL_NULL_CONVERSION = YES;
				CLANG_WARN_OBJC_IMPLICIT_RETAIN_SELF = YES;
				CLANG_WARN_OBJC_LITERAL_CONVERSION = YES;
				CLANG_WARN_RANGE_LOOP_ANALYSIS = YES;
				CLANG_WARN_STRICT_PROTOTYPES = YES;
				CLANG_WARN_SUSPICIOUS_MOVE = YES;
				ENABLE_TESTABILITY = YES;
				ONLY_ACTIVE_ARCH = YES;
			};
			name = Debug;
		};
/* End XCBuildConfiguration section */

/* Begin XCConfigurationList section */
		16AF2646097B1EFB00BC87DC /* Build configuration list for PBXNativeTarget "MIDIMonitor" */ = {
			isa = XCConfigurationList;
			buildConfigurations = (
				16AF2649097B1EFB00BC87DC /* Debug */,
				169E716B097B20D7001AFB58 /* Release */,
			);
			defaultConfigurationIsVisible = 0;
			defaultConfigurationName = Debug;
		};
		16AF264E097B1EFB00BC87DC /* Build configuration list for PBXProject "MIDIMonitor" */ = {
			isa = XCConfigurationList;
			buildConfigurations = (
				16AF2651097B1EFB00BC87DC /* Debug */,
				169E716C097B20D7001AFB58 /* Release */,
			);
			defaultConfigurationIsVisible = 0;
			defaultConfigurationName = Debug;
		};
/* End XCConfigurationList section */
	};
	rootObject = 2A37F4A9FDCFA73011CA2CEA /* Project object */;
}
