// !$*UTF8*$!
{
	archiveVersion = 1;
	classes = {
	};
	objectVersion = 46;
	objects = {

/* Begin PBXBuildFile section */
		164876600E6D2A22002CF387 /* SMMessageTimeBase.h in Headers */ = {isa = PBXBuildFile; fileRef = 1648765E0E6D2A22002CF387 /* SMMessageTimeBase.h */; settings = {ATTRIBUTES = (Public, ); }; };
		164876610E6D2A22002CF387 /* SMMessageTimeBase.m in Sources */ = {isa = PBXBuildFile; fileRef = 1648765F0E6D2A22002CF387 /* SMMessageTimeBase.m */; };
		16B11B940971D40100DB1DB5 /* NSArray-SMExtensions.h in Headers */ = {isa = PBXBuildFile; fileRef = 16B11B570971D40100DB1DB5 /* NSArray-SMExtensions.h */; settings = {ATTRIBUTES = (Public, ); }; };
		16B11B950971D40100DB1DB5 /* NSArray-SMExtensions.m in Sources */ = {isa = PBXBuildFile; fileRef = 16B11B580971D40100DB1DB5 /* NSArray-SMExtensions.m */; };
		16B11B960971D40100DB1DB5 /* NSData-SMExtensions.h in Headers */ = {isa = PBXBuildFile; fileRef = 16B11B590971D40100DB1DB5 /* NSData-SMExtensions.h */; settings = {ATTRIBUTES = (Public, ); }; };
		16B11B970971D40100DB1DB5 /* NSData-SMExtensions.m in Sources */ = {isa = PBXBuildFile; fileRef = 16B11B5A0971D40100DB1DB5 /* NSData-SMExtensions.m */; };
		16B11B980971D40100DB1DB5 /* NSString-SMExtensions.h in Headers */ = {isa = PBXBuildFile; fileRef = 16B11B5B0971D40100DB1DB5 /* NSString-SMExtensions.h */; settings = {ATTRIBUTES = (Public, ); }; };
		16B11B990971D40100DB1DB5 /* NSString-SMExtensions.m in Sources */ = {isa = PBXBuildFile; fileRef = 16B11B5C0971D40100DB1DB5 /* NSString-SMExtensions.m */; };
		16B11B9A0971D40100DB1DB5 /* SMClient.h in Headers */ = {isa = PBXBuildFile; fileRef = 16B11B5D0971D40100DB1DB5 /* SMClient.h */; settings = {ATTRIBUTES = (Public, ); }; };
		16B11B9B0971D40100DB1DB5 /* SMClient.m in Sources */ = {isa = PBXBuildFile; fileRef = 16B11B5E0971D40100DB1DB5 /* SMClient.m */; };
		16B11B9C0971D40100DB1DB5 /* SMDevice.h in Headers */ = {isa = PBXBuildFile; fileRef = 16B11B5F0971D40100DB1DB5 /* SMDevice.h */; settings = {ATTRIBUTES = (Public, ); }; };
		16B11B9D0971D40100DB1DB5 /* SMDevice.m in Sources */ = {isa = PBXBuildFile; fileRef = 16B11B600971D40100DB1DB5 /* SMDevice.m */; };
		16B11B9E0971D40100DB1DB5 /* SMEndpoint.h in Headers */ = {isa = PBXBuildFile; fileRef = 16B11B610971D40100DB1DB5 /* SMEndpoint.h */; settings = {ATTRIBUTES = (Public, ); }; };
		16B11B9F0971D40100DB1DB5 /* SMEndpoint.m in Sources */ = {isa = PBXBuildFile; fileRef = 16B11B620971D40100DB1DB5 /* SMEndpoint.m */; };
		16B11BA00971D40100DB1DB5 /* SMExternalDevice.h in Headers */ = {isa = PBXBuildFile; fileRef = 16B11B630971D40100DB1DB5 /* SMExternalDevice.h */; settings = {ATTRIBUTES = (Public, ); }; };
		16B11BA10971D40100DB1DB5 /* SMExternalDevice.m in Sources */ = {isa = PBXBuildFile; fileRef = 16B11B640971D40100DB1DB5 /* SMExternalDevice.m */; };
		16B11BA20971D40100DB1DB5 /* SMHostTime.h in Headers */ = {isa = PBXBuildFile; fileRef = 16B11B650971D40100DB1DB5 /* SMHostTime.h */; settings = {ATTRIBUTES = (Public, ); }; };
		16B11BA30971D40100DB1DB5 /* SMHostTime.m in Sources */ = {isa = PBXBuildFile; fileRef = 16B11B660971D40100DB1DB5 /* SMHostTime.m */; };
		16B11BA40971D40100DB1DB5 /* SMInputStream.h in Headers */ = {isa = PBXBuildFile; fileRef = 16B11B670971D40100DB1DB5 /* SMInputStream.h */; settings = {ATTRIBUTES = (Public, ); }; };
		16B11BA50971D40100DB1DB5 /* SMInputStream.m in Sources */ = {isa = PBXBuildFile; fileRef = 16B11B680971D40100DB1DB5 /* SMInputStream.m */; };
		16B11BA60971D40100DB1DB5 /* SMInputStreamSource.h in Headers */ = {isa = PBXBuildFile; fileRef = 16B11B690971D40100DB1DB5 /* SMInputStreamSource.h */; settings = {ATTRIBUTES = (Public, ); }; };
		16B11BA70971D40100DB1DB5 /* SMInputStreamSource.m in Sources */ = {isa = PBXBuildFile; fileRef = 16B11B6A0971D40100DB1DB5 /* SMInputStreamSource.m */; };
		16B11BA80971D40100DB1DB5 /* SMInvalidMessage.h in Headers */ = {isa = PBXBuildFile; fileRef = 16B11B6B0971D40100DB1DB5 /* SMInvalidMessage.h */; settings = {ATTRIBUTES = (Public, ); }; };
		16B11BA90971D40100DB1DB5 /* SMInvalidMessage.m in Sources */ = {isa = PBXBuildFile; fileRef = 16B11B6C0971D40100DB1DB5 /* SMInvalidMessage.m */; };
		16B11BAA0971D40100DB1DB5 /* SMMessage.h in Headers */ = {isa = PBXBuildFile; fileRef = 16B11B6D0971D40100DB1DB5 /* SMMessage.h */; settings = {ATTRIBUTES = (Public, ); }; };
		16B11BAB0971D40100DB1DB5 /* SMMessage.m in Sources */ = {isa = PBXBuildFile; fileRef = 16B11B6E0971D40100DB1DB5 /* SMMessage.m */; };
		16B11BAC0971D40100DB1DB5 /* SMMessageDestinationProtocol.h in Headers */ = {isa = PBXBuildFile; fileRef = 16B11B6F0971D40100DB1DB5 /* SMMessageDestinationProtocol.h */; settings = {ATTRIBUTES = (Public, ); }; };
		16B11BAD0971D40100DB1DB5 /* SMMessageFilter.h in Headers */ = {isa = PBXBuildFile; fileRef = 16B11B700971D40100DB1DB5 /* SMMessageFilter.h */; settings = {ATTRIBUTES = (Public, ); }; };
		16B11BAE0971D40100DB1DB5 /* SMMessageFilter.m in Sources */ = {isa = PBXBuildFile; fileRef = 16B11B710971D40100DB1DB5 /* SMMessageFilter.m */; };
		16B11BAF0971D40100DB1DB5 /* SMMessageHistory.h in Headers */ = {isa = PBXBuildFile; fileRef = 16B11B720971D40100DB1DB5 /* SMMessageHistory.h */; settings = {ATTRIBUTES = (Public, ); }; };
		16B11BB00971D40100DB1DB5 /* SMMessageHistory.m in Sources */ = {isa = PBXBuildFile; fileRef = 16B11B730971D40100DB1DB5 /* SMMessageHistory.m */; };
		16B11BB10971D40100DB1DB5 /* SMMessageMult.h in Headers */ = {isa = PBXBuildFile; fileRef = 16B11B740971D40100DB1DB5 /* SMMessageMult.h */; settings = {ATTRIBUTES = (Public, ); }; };
		16B11BB20971D40100DB1DB5 /* SMMessageMult.m in Sources */ = {isa = PBXBuildFile; fileRef = 16B11B750971D40100DB1DB5 /* SMMessageMult.m */; };
		16B11BB30971D40100DB1DB5 /* SMMessageParser.h in Headers */ = {isa = PBXBuildFile; fileRef = 16B11B760971D40100DB1DB5 /* SMMessageParser.h */; settings = {ATTRIBUTES = (Public, ); }; };
		16B11BB40971D40100DB1DB5 /* SMMessageParser.m in Sources */ = {isa = PBXBuildFile; fileRef = 16B11B770971D40100DB1DB5 /* SMMessageParser.m */; };
		16B11BB50971D40100DB1DB5 /* SMMIDIObject-Private.h in Headers */ = {isa = PBXBuildFile; fileRef = 16B11B780971D40100DB1DB5 /* SMMIDIObject-Private.h */; settings = {ATTRIBUTES = (); }; };
		16B11BB60971D40100DB1DB5 /* SMMIDIObject.h in Headers */ = {isa = PBXBuildFile; fileRef = 16B11B790971D40100DB1DB5 /* SMMIDIObject.h */; settings = {ATTRIBUTES = (Public, ); }; };
		16B11BB70971D40100DB1DB5 /* SMMIDIObject.m in Sources */ = {isa = PBXBuildFile; fileRef = 16B11B7A0971D40100DB1DB5 /* SMMIDIObject.m */; };
		16B11BB80971D40100DB1DB5 /* SMOutputStream.h in Headers */ = {isa = PBXBuildFile; fileRef = 16B11B7B0971D40100DB1DB5 /* SMOutputStream.h */; settings = {ATTRIBUTES = (Public, ); }; };
		16B11BB90971D40100DB1DB5 /* SMOutputStream.m in Sources */ = {isa = PBXBuildFile; fileRef = 16B11B7C0971D40100DB1DB5 /* SMOutputStream.m */; };
		16B11BBA0971D40100DB1DB5 /* SMPortInputStream.h in Headers */ = {isa = PBXBuildFile; fileRef = 16B11B7D0971D40100DB1DB5 /* SMPortInputStream.h */; settings = {ATTRIBUTES = (Public, ); }; };
		16B11BBB0971D40100DB1DB5 /* SMPortInputStream.m in Sources */ = {isa = PBXBuildFile; fileRef = 16B11B7E0971D40100DB1DB5 /* SMPortInputStream.m */; };
		16B11BBC0971D40100DB1DB5 /* SMPortOutputStream.h in Headers */ = {isa = PBXBuildFile; fileRef = 16B11B7F0971D40100DB1DB5 /* SMPortOutputStream.h */; settings = {ATTRIBUTES = (Public, ); }; };
		16B11BBD0971D40100DB1DB5 /* SMPortOutputStream.m in Sources */ = {isa = PBXBuildFile; fileRef = 16B11B800971D40100DB1DB5 /* SMPortOutputStream.m */; };
		16B11BBE0971D40100DB1DB5 /* SMSysExSendRequest.h in Headers */ = {isa = PBXBuildFile; fileRef = 16B11B810971D40100DB1DB5 /* SMSysExSendRequest.h */; settings = {ATTRIBUTES = (Public, ); }; };
		16B11BBF0971D40100DB1DB5 /* SMSysExSendRequest.m in Sources */ = {isa = PBXBuildFile; fileRef = 16B11B820971D40100DB1DB5 /* SMSysExSendRequest.m */; };
		16B11BC00971D40100DB1DB5 /* SMSystemCommonMessage.h in Headers */ = {isa = PBXBuildFile; fileRef = 16B11B830971D40100DB1DB5 /* SMSystemCommonMessage.h */; settings = {ATTRIBUTES = (Public, ); }; };
		16B11BC10971D40100DB1DB5 /* SMSystemCommonMessage.m in Sources */ = {isa = PBXBuildFile; fileRef = 16B11B840971D40100DB1DB5 /* SMSystemCommonMessage.m */; };
		16B11BC20971D40100DB1DB5 /* SMSystemExclusiveMessage.h in Headers */ = {isa = PBXBuildFile; fileRef = 16B11B850971D40100DB1DB5 /* SMSystemExclusiveMessage.h */; settings = {ATTRIBUTES = (Public, ); }; };
		16B11BC30971D40100DB1DB5 /* SMSystemExclusiveMessage.m in Sources */ = {isa = PBXBuildFile; fileRef = 16B11B860971D40100DB1DB5 /* SMSystemExclusiveMessage.m */; };
		16B11BC40971D40100DB1DB5 /* SMSystemRealTimeMessage.h in Headers */ = {isa = PBXBuildFile; fileRef = 16B11B870971D40100DB1DB5 /* SMSystemRealTimeMessage.h */; settings = {ATTRIBUTES = (Public, ); }; };
		16B11BC50971D40100DB1DB5 /* SMSystemRealTimeMessage.m in Sources */ = {isa = PBXBuildFile; fileRef = 16B11B880971D40100DB1DB5 /* SMSystemRealTimeMessage.m */; };
		16B11BC60971D40100DB1DB5 /* SMUtilities.h in Headers */ = {isa = PBXBuildFile; fileRef = 16B11B890971D40100DB1DB5 /* SMUtilities.h */; settings = {ATTRIBUTES = (Public, ); }; };
		16B11BC70971D40100DB1DB5 /* SMUtilities.m in Sources */ = {isa = PBXBuildFile; fileRef = 16B11B8A0971D40100DB1DB5 /* SMUtilities.m */; };
		16B11BC80971D40100DB1DB5 /* SMVirtualInputStream.h in Headers */ = {isa = PBXBuildFile; fileRef = 16B11B8B0971D40100DB1DB5 /* SMVirtualInputStream.h */; settings = {ATTRIBUTES = (Public, ); }; };
		16B11BC90971D40100DB1DB5 /* SMVirtualInputStream.m in Sources */ = {isa = PBXBuildFile; fileRef = 16B11B8C0971D40100DB1DB5 /* SMVirtualInputStream.m */; };
		16B11BCA0971D40100DB1DB5 /* SMVirtualOutputStream.h in Headers */ = {isa = PBXBuildFile; fileRef = 16B11B8D0971D40100DB1DB5 /* SMVirtualOutputStream.h */; settings = {ATTRIBUTES = (Public, ); }; };
		16B11BCB0971D40100DB1DB5 /* SMVirtualOutputStream.m in Sources */ = {isa = PBXBuildFile; fileRef = 16B11B8E0971D40100DB1DB5 /* SMVirtualOutputStream.m */; };
		16B11BCC0971D40100DB1DB5 /* SMVoiceMessage.h in Headers */ = {isa = PBXBuildFile; fileRef = 16B11B8F0971D40100DB1DB5 /* SMVoiceMessage.h */; settings = {ATTRIBUTES = (Public, ); }; };
		16B11BCD0971D40100DB1DB5 /* SMVoiceMessage.m in Sources */ = {isa = PBXBuildFile; fileRef = 16B11B900971D40100DB1DB5 /* SMVoiceMessage.m */; };
		16B11BCE0971D40100DB1DB5 /* SnoizeMIDI.h in Headers */ = {isa = PBXBuildFile; fileRef = 16B11B910971D40100DB1DB5 /* SnoizeMIDI.h */; settings = {ATTRIBUTES = (Public, ); }; };
		16B11BF20971D77600DB1DB5 /* ControllerNames.plist in Resources */ = {isa = PBXBuildFile; fileRef = 16B11BEE0971D77600DB1DB5 /* ControllerNames.plist */; };
		16B11BF30971D77600DB1DB5 /* ManufacturerNames.plist in Resources */ = {isa = PBXBuildFile; fileRef = 16B11BF00971D77600DB1DB5 /* ManufacturerNames.plist */; };
		16B11BF60971D78500DB1DB5 /* SnoizeMIDI.strings in Resources */ = {isa = PBXBuildFile; fileRef = 16B11BF40971D78500DB1DB5 /* SnoizeMIDI.strings */; };
		16B11DF20971D80F00DB1DB5 /* CoreMIDI.framework in Frameworks */ = {isa = PBXBuildFile; fileRef = 16B11DF00971D80F00DB1DB5 /* CoreMIDI.framework */; };
		16B11DF30971D81400DB1DB5 /* Foundation.framework in Frameworks */ = {isa = PBXBuildFile; fileRef = 0867D69BFE84028FC02AAC07 /* Foundation.framework */; };
		8DC2EF530486A6940098B216 /* InfoPlist.strings in Resources */ = {isa = PBXBuildFile; fileRef = 089C1666FE841158C02AAC07 /* InfoPlist.strings */; };
		A53DDB9A148F4219006D2FFD /* Foundation.framework in Frameworks */ = {isa = PBXBuildFile; fileRef = A53DDB99148F4219006D2FFD /* Foundation.framework */; };
		A53DDBDF148F4349006D2FFD /* SMClient.m in Sources */ = {isa = PBXBuildFile; fileRef = 16B11B5E0971D40100DB1DB5 /* SMClient.m */; };
		A53DDBE0148F434C006D2FFD /* SMHostTime.m in Sources */ = {isa = PBXBuildFile; fileRef = 16B11B660971D40100DB1DB5 /* SMHostTime.m */; };
		A53DDBE1148F434E006D2FFD /* SMUtilities.m in Sources */ = {isa = PBXBuildFile; fileRef = 16B11B8A0971D40100DB1DB5 /* SMUtilities.m */; };
		A53DDBE2148F4354006D2FFD /* NSArray-SMExtensions.m in Sources */ = {isa = PBXBuildFile; fileRef = 16B11B580971D40100DB1DB5 /* NSArray-SMExtensions.m */; };
		A53DDBE3148F4356006D2FFD /* NSData-SMExtensions.m in Sources */ = {isa = PBXBuildFile; fileRef = 16B11B5A0971D40100DB1DB5 /* NSData-SMExtensions.m */; };
		A53DDBE4148F4359006D2FFD /* NSString-SMExtensions.m in Sources */ = {isa = PBXBuildFile; fileRef = 16B11B5C0971D40100DB1DB5 /* NSString-SMExtensions.m */; };
		A53DDBE5148F4361006D2FFD /* SMMIDIObject.m in Sources */ = {isa = PBXBuildFile; fileRef = 16B11B7A0971D40100DB1DB5 /* SMMIDIObject.m */; };
		A53DDBE6148F4364006D2FFD /* SMDevice.m in Sources */ = {isa = PBXBuildFile; fileRef = 16B11B600971D40100DB1DB5 /* SMDevice.m */; };
		A53DDBE7148F4367006D2FFD /* SMEndpoint.m in Sources */ = {isa = PBXBuildFile; fileRef = 16B11B620971D40100DB1DB5 /* SMEndpoint.m */; };
		A53DDBE8148F436A006D2FFD /* SMExternalDevice.m in Sources */ = {isa = PBXBuildFile; fileRef = 16B11B640971D40100DB1DB5 /* SMExternalDevice.m */; };
		A53DDBE9148F436F006D2FFD /* SMMessage.m in Sources */ = {isa = PBXBuildFile; fileRef = 16B11B6E0971D40100DB1DB5 /* SMMessage.m */; };
		A53DDBEA148F4371006D2FFD /* SMVoiceMessage.m in Sources */ = {isa = PBXBuildFile; fileRef = 16B11B900971D40100DB1DB5 /* SMVoiceMessage.m */; };
		A53DDBEB148F4373006D2FFD /* SMSystemCommonMessage.m in Sources */ = {isa = PBXBuildFile; fileRef = 16B11B840971D40100DB1DB5 /* SMSystemCommonMessage.m */; };
		A53DDBEC148F4376006D2FFD /* SMSystemRealTimeMessage.m in Sources */ = {isa = PBXBuildFile; fileRef = 16B11B880971D40100DB1DB5 /* SMSystemRealTimeMessage.m */; };
		A53DDBED148F4379006D2FFD /* SMSystemExclusiveMessage.m in Sources */ = {isa = PBXBuildFile; fileRef = 16B11B860971D40100DB1DB5 /* SMSystemExclusiveMessage.m */; };
		A53DDBEE148F437D006D2FFD /* SMInvalidMessage.m in Sources */ = {isa = PBXBuildFile; fileRef = 16B11B6C0971D40100DB1DB5 /* SMInvalidMessage.m */; };
		A53DDBEF148F4380006D2FFD /* SMMessageTimeBase.m in Sources */ = {isa = PBXBuildFile; fileRef = 1648765F0E6D2A22002CF387 /* SMMessageTimeBase.m */; };
		A53DDBF0148F4385006D2FFD /* SMInputStream.m in Sources */ = {isa = PBXBuildFile; fileRef = 16B11B680971D40100DB1DB5 /* SMInputStream.m */; };
		A53DDBF1148F4387006D2FFD /* SMInputStreamSource.m in Sources */ = {isa = PBXBuildFile; fileRef = 16B11B6A0971D40100DB1DB5 /* SMInputStreamSource.m */; };
		A53DDBF2148F438A006D2FFD /* SMMessageParser.m in Sources */ = {isa = PBXBuildFile; fileRef = 16B11B770971D40100DB1DB5 /* SMMessageParser.m */; };
		A53DDBF3148F438D006D2FFD /* SMPortInputStream.m in Sources */ = {isa = PBXBuildFile; fileRef = 16B11B7E0971D40100DB1DB5 /* SMPortInputStream.m */; };
		A53DDBF4148F4390006D2FFD /* SMVirtualInputStream.m in Sources */ = {isa = PBXBuildFile; fileRef = 16B11B8C0971D40100DB1DB5 /* SMVirtualInputStream.m */; };
		A53DDBF5148F4394006D2FFD /* SMOutputStream.m in Sources */ = {isa = PBXBuildFile; fileRef = 16B11B7C0971D40100DB1DB5 /* SMOutputStream.m */; };
		A53DDBF6148F4397006D2FFD /* SMPortOutputStream.m in Sources */ = {isa = PBXBuildFile; fileRef = 16B11B800971D40100DB1DB5 /* SMPortOutputStream.m */; };
		A53DDBF7148F4399006D2FFD /* SMVirtualOutputStream.m in Sources */ = {isa = PBXBuildFile; fileRef = 16B11B8E0971D40100DB1DB5 /* SMVirtualOutputStream.m */; };
		A53DDBF8148F439C006D2FFD /* SMSysExSendRequest.m in Sources */ = {isa = PBXBuildFile; fileRef = 16B11B820971D40100DB1DB5 /* SMSysExSendRequest.m */; };
		A53DDBF9148F43A0006D2FFD /* SMMessageFilter.m in Sources */ = {isa = PBXBuildFile; fileRef = 16B11B710971D40100DB1DB5 /* SMMessageFilter.m */; };
		A53DDBFA148F43A3006D2FFD /* SMMessageHistory.m in Sources */ = {isa = PBXBuildFile; fileRef = 16B11B730971D40100DB1DB5 /* SMMessageHistory.m */; };
		A53DDBFB148F43A6006D2FFD /* SMMessageMult.m in Sources */ = {isa = PBXBuildFile; fileRef = 16B11B750971D40100DB1DB5 /* SMMessageMult.m */; };
		A53DDC16148F4C5D006D2FFD /* SnoizeMIDI.h in Headers */ = {isa = PBXBuildFile; fileRef = 16B11B910971D40100DB1DB5 /* SnoizeMIDI.h */; settings = {ATTRIBUTES = (Public, ); }; };
		A53DDC19148F4C70006D2FFD /* SMClient.h in Headers */ = {isa = PBXBuildFile; fileRef = 16B11B5D0971D40100DB1DB5 /* SMClient.h */; settings = {ATTRIBUTES = (Public, ); }; };
		A53DDC1A148F4C70006D2FFD /* SMHostTime.h in Headers */ = {isa = PBXBuildFile; fileRef = 16B11B650971D40100DB1DB5 /* SMHostTime.h */; settings = {ATTRIBUTES = (Public, ); }; };
		A53DDC1B148F4C70006D2FFD /* SMUtilities.h in Headers */ = {isa = PBXBuildFile; fileRef = 16B11B890971D40100DB1DB5 /* SMUtilities.h */; settings = {ATTRIBUTES = (Public, ); }; };
		A53DDC1C148F4C79006D2FFD /* NSArray-SMExtensions.h in Headers */ = {isa = PBXBuildFile; fileRef = 16B11B570971D40100DB1DB5 /* NSArray-SMExtensions.h */; settings = {ATTRIBUTES = (Public, ); }; };
		A53DDC1D148F4C79006D2FFD /* NSData-SMExtensions.h in Headers */ = {isa = PBXBuildFile; fileRef = 16B11B590971D40100DB1DB5 /* NSData-SMExtensions.h */; settings = {ATTRIBUTES = (Public, ); }; };
		A53DDC1E148F4C79006D2FFD /* NSString-SMExtensions.h in Headers */ = {isa = PBXBuildFile; fileRef = 16B11B5B0971D40100DB1DB5 /* NSString-SMExtensions.h */; settings = {ATTRIBUTES = (Public, ); }; };
		A53DDC1F148F4C89006D2FFD /* SMMIDIObject.h in Headers */ = {isa = PBXBuildFile; fileRef = 16B11B790971D40100DB1DB5 /* SMMIDIObject.h */; settings = {ATTRIBUTES = (Public, ); }; };
		A53DDC20148F4C89006D2FFD /* SMMIDIObject-Private.h in Headers */ = {isa = PBXBuildFile; fileRef = 16B11B780971D40100DB1DB5 /* SMMIDIObject-Private.h */; settings = {ATTRIBUTES = (Public, ); }; };
		A53DDC21148F4C89006D2FFD /* SMDevice.h in Headers */ = {isa = PBXBuildFile; fileRef = 16B11B5F0971D40100DB1DB5 /* SMDevice.h */; settings = {ATTRIBUTES = (Public, ); }; };
		A53DDC22148F4C89006D2FFD /* SMEndpoint.h in Headers */ = {isa = PBXBuildFile; fileRef = 16B11B610971D40100DB1DB5 /* SMEndpoint.h */; settings = {ATTRIBUTES = (Public, ); }; };
		A53DDC23148F4C89006D2FFD /* SMExternalDevice.h in Headers */ = {isa = PBXBuildFile; fileRef = 16B11B630971D40100DB1DB5 /* SMExternalDevice.h */; settings = {ATTRIBUTES = (Public, ); }; };
		A53DDC24148F4C94006D2FFD /* SMMessage.h in Headers */ = {isa = PBXBuildFile; fileRef = 16B11B6D0971D40100DB1DB5 /* SMMessage.h */; settings = {ATTRIBUTES = (Public, ); }; };
		A53DDC25148F4C94006D2FFD /* SMVoiceMessage.h in Headers */ = {isa = PBXBuildFile; fileRef = 16B11B8F0971D40100DB1DB5 /* SMVoiceMessage.h */; settings = {ATTRIBUTES = (Public, ); }; };
		A53DDC26148F4C94006D2FFD /* SMSystemCommonMessage.h in Headers */ = {isa = PBXBuildFile; fileRef = 16B11B830971D40100DB1DB5 /* SMSystemCommonMessage.h */; settings = {ATTRIBUTES = (Public, ); }; };
		A53DDC27148F4C94006D2FFD /* SMSystemRealTimeMessage.h in Headers */ = {isa = PBXBuildFile; fileRef = 16B11B870971D40100DB1DB5 /* SMSystemRealTimeMessage.h */; settings = {ATTRIBUTES = (Public, ); }; };
		A53DDC28148F4C94006D2FFD /* SMSystemExclusiveMessage.h in Headers */ = {isa = PBXBuildFile; fileRef = 16B11B850971D40100DB1DB5 /* SMSystemExclusiveMessage.h */; settings = {ATTRIBUTES = (Public, ); }; };
		A53DDC29148F4C94006D2FFD /* SMInvalidMessage.h in Headers */ = {isa = PBXBuildFile; fileRef = 16B11B6B0971D40100DB1DB5 /* SMInvalidMessage.h */; settings = {ATTRIBUTES = (Public, ); }; };
		A53DDC2A148F4C94006D2FFD /* SMMessageTimeBase.h in Headers */ = {isa = PBXBuildFile; fileRef = 1648765E0E6D2A22002CF387 /* SMMessageTimeBase.h */; settings = {ATTRIBUTES = (Public, ); }; };
		A53DDC2B148F4CA7006D2FFD /* SMMessageDestinationProtocol.h in Headers */ = {isa = PBXBuildFile; fileRef = 16B11B6F0971D40100DB1DB5 /* SMMessageDestinationProtocol.h */; settings = {ATTRIBUTES = (Public, ); }; };
		A53DDC2C148F4CAE006D2FFD /* SMInputStream.h in Headers */ = {isa = PBXBuildFile; fileRef = 16B11B670971D40100DB1DB5 /* SMInputStream.h */; settings = {ATTRIBUTES = (Public, ); }; };
		A53DDC2D148F4CAE006D2FFD /* SMInputStreamSource.h in Headers */ = {isa = PBXBuildFile; fileRef = 16B11B690971D40100DB1DB5 /* SMInputStreamSource.h */; settings = {ATTRIBUTES = (Public, ); }; };
		A53DDC2E148F4CAE006D2FFD /* SMMessageParser.h in Headers */ = {isa = PBXBuildFile; fileRef = 16B11B760971D40100DB1DB5 /* SMMessageParser.h */; settings = {ATTRIBUTES = (Public, ); }; };
		A53DDC2F148F4CAE006D2FFD /* SMPortInputStream.h in Headers */ = {isa = PBXBuildFile; fileRef = 16B11B7D0971D40100DB1DB5 /* SMPortInputStream.h */; settings = {ATTRIBUTES = (Public, ); }; };
		A53DDC30148F4CAE006D2FFD /* SMVirtualInputStream.h in Headers */ = {isa = PBXBuildFile; fileRef = 16B11B8B0971D40100DB1DB5 /* SMVirtualInputStream.h */; settings = {ATTRIBUTES = (Public, ); }; };
		A53DDC31148F4CB6006D2FFD /* SMOutputStream.h in Headers */ = {isa = PBXBuildFile; fileRef = 16B11B7B0971D40100DB1DB5 /* SMOutputStream.h */; settings = {ATTRIBUTES = (Public, ); }; };
		A53DDC32148F4CB6006D2FFD /* SMPortOutputStream.h in Headers */ = {isa = PBXBuildFile; fileRef = 16B11B7F0971D40100DB1DB5 /* SMPortOutputStream.h */; settings = {ATTRIBUTES = (Public, ); }; };
		A53DDC33148F4CB6006D2FFD /* SMVirtualOutputStream.h in Headers */ = {isa = PBXBuildFile; fileRef = 16B11B8D0971D40100DB1DB5 /* SMVirtualOutputStream.h */; settings = {ATTRIBUTES = (Public, ); }; };
		A53DDC34148F4CB6006D2FFD /* SMSysExSendRequest.h in Headers */ = {isa = PBXBuildFile; fileRef = 16B11B810971D40100DB1DB5 /* SMSysExSendRequest.h */; settings = {ATTRIBUTES = (Public, ); }; };
		A53DDC35148F4CBC006D2FFD /* SMMessageFilter.h in Headers */ = {isa = PBXBuildFile; fileRef = 16B11B700971D40100DB1DB5 /* SMMessageFilter.h */; settings = {ATTRIBUTES = (Public, ); }; };
		A53DDC36148F4CBC006D2FFD /* SMMessageHistory.h in Headers */ = {isa = PBXBuildFile; fileRef = 16B11B720971D40100DB1DB5 /* SMMessageHistory.h */; settings = {ATTRIBUTES = (Public, ); }; };
		A53DDC37148F4CBC006D2FFD /* SMMessageMult.h in Headers */ = {isa = PBXBuildFile; fileRef = 16B11B740971D40100DB1DB5 /* SMMessageMult.h */; settings = {ATTRIBUTES = (Public, ); }; };
		A581992F16AF687400325CF3 /* SMClient.m in Sources */ = {isa = PBXBuildFile; fileRef = 16B11B5E0971D40100DB1DB5 /* SMClient.m */; };
		A581993016AF687400325CF3 /* SMHostTime.m in Sources */ = {isa = PBXBuildFile; fileRef = 16B11B660971D40100DB1DB5 /* SMHostTime.m */; };
		A581993116AF687400325CF3 /* SMUtilities.m in Sources */ = {isa = PBXBuildFile; fileRef = 16B11B8A0971D40100DB1DB5 /* SMUtilities.m */; };
		A581993216AF687400325CF3 /* NSArray-SMExtensions.m in Sources */ = {isa = PBXBuildFile; fileRef = 16B11B580971D40100DB1DB5 /* NSArray-SMExtensions.m */; };
		A581993316AF687400325CF3 /* NSData-SMExtensions.m in Sources */ = {isa = PBXBuildFile; fileRef = 16B11B5A0971D40100DB1DB5 /* NSData-SMExtensions.m */; };
		A581993416AF687400325CF3 /* NSString-SMExtensions.m in Sources */ = {isa = PBXBuildFile; fileRef = 16B11B5C0971D40100DB1DB5 /* NSString-SMExtensions.m */; };
		A581993516AF687400325CF3 /* SMMIDIObject.m in Sources */ = {isa = PBXBuildFile; fileRef = 16B11B7A0971D40100DB1DB5 /* SMMIDIObject.m */; };
		A581993616AF687400325CF3 /* SMDevice.m in Sources */ = {isa = PBXBuildFile; fileRef = 16B11B600971D40100DB1DB5 /* SMDevice.m */; };
		A581993716AF687400325CF3 /* SMEndpoint.m in Sources */ = {isa = PBXBuildFile; fileRef = 16B11B620971D40100DB1DB5 /* SMEndpoint.m */; };
		A581993816AF687400325CF3 /* SMExternalDevice.m in Sources */ = {isa = PBXBuildFile; fileRef = 16B11B640971D40100DB1DB5 /* SMExternalDevice.m */; };
		A581993916AF687400325CF3 /* SMMessage.m in Sources */ = {isa = PBXBuildFile; fileRef = 16B11B6E0971D40100DB1DB5 /* SMMessage.m */; };
		A581993A16AF687400325CF3 /* SMVoiceMessage.m in Sources */ = {isa = PBXBuildFile; fileRef = 16B11B900971D40100DB1DB5 /* SMVoiceMessage.m */; };
		A581993B16AF687400325CF3 /* SMSystemCommonMessage.m in Sources */ = {isa = PBXBuildFile; fileRef = 16B11B840971D40100DB1DB5 /* SMSystemCommonMessage.m */; };
		A581993C16AF687400325CF3 /* SMSystemRealTimeMessage.m in Sources */ = {isa = PBXBuildFile; fileRef = 16B11B880971D40100DB1DB5 /* SMSystemRealTimeMessage.m */; };
		A581993D16AF687400325CF3 /* SMSystemExclusiveMessage.m in Sources */ = {isa = PBXBuildFile; fileRef = 16B11B860971D40100DB1DB5 /* SMSystemExclusiveMessage.m */; };
		A581993E16AF687400325CF3 /* SMInvalidMessage.m in Sources */ = {isa = PBXBuildFile; fileRef = 16B11B6C0971D40100DB1DB5 /* SMInvalidMessage.m */; };
		A581993F16AF687400325CF3 /* SMMessageTimeBase.m in Sources */ = {isa = PBXBuildFile; fileRef = 1648765F0E6D2A22002CF387 /* SMMessageTimeBase.m */; };
		A581994016AF687400325CF3 /* SMInputStream.m in Sources */ = {isa = PBXBuildFile; fileRef = 16B11B680971D40100DB1DB5 /* SMInputStream.m */; };
		A581994116AF687400325CF3 /* SMInputStreamSource.m in Sources */ = {isa = PBXBuildFile; fileRef = 16B11B6A0971D40100DB1DB5 /* SMInputStreamSource.m */; };
		A581994216AF687400325CF3 /* SMMessageParser.m in Sources */ = {isa = PBXBuildFile; fileRef = 16B11B770971D40100DB1DB5 /* SMMessageParser.m */; };
		A581994316AF687400325CF3 /* SMPortInputStream.m in Sources */ = {isa = PBXBuildFile; fileRef = 16B11B7E0971D40100DB1DB5 /* SMPortInputStream.m */; };
		A581994416AF687400325CF3 /* SMVirtualInputStream.m in Sources */ = {isa = PBXBuildFile; fileRef = 16B11B8C0971D40100DB1DB5 /* SMVirtualInputStream.m */; };
		A581994516AF687400325CF3 /* SMOutputStream.m in Sources */ = {isa = PBXBuildFile; fileRef = 16B11B7C0971D40100DB1DB5 /* SMOutputStream.m */; };
		A581994616AF687400325CF3 /* SMPortOutputStream.m in Sources */ = {isa = PBXBuildFile; fileRef = 16B11B800971D40100DB1DB5 /* SMPortOutputStream.m */; };
		A581994716AF687400325CF3 /* SMVirtualOutputStream.m in Sources */ = {isa = PBXBuildFile; fileRef = 16B11B8E0971D40100DB1DB5 /* SMVirtualOutputStream.m */; };
		A581994816AF687400325CF3 /* SMSysExSendRequest.m in Sources */ = {isa = PBXBuildFile; fileRef = 16B11B820971D40100DB1DB5 /* SMSysExSendRequest.m */; };
		A581994916AF687400325CF3 /* SMMessageFilter.m in Sources */ = {isa = PBXBuildFile; fileRef = 16B11B710971D40100DB1DB5 /* SMMessageFilter.m */; };
		A581994A16AF687400325CF3 /* SMMessageHistory.m in Sources */ = {isa = PBXBuildFile; fileRef = 16B11B730971D40100DB1DB5 /* SMMessageHistory.m */; };
		A581994B16AF687400325CF3 /* SMMessageMult.m in Sources */ = {isa = PBXBuildFile; fileRef = 16B11B750971D40100DB1DB5 /* SMMessageMult.m */; };
		A581994D16AF687400325CF3 /* Foundation.framework in Frameworks */ = {isa = PBXBuildFile; fileRef = A53DDB99148F4219006D2FFD /* Foundation.framework */; };
		A581994F16AF687400325CF3 /* SnoizeMIDI.h in Headers */ = {isa = PBXBuildFile; fileRef = 16B11B910971D40100DB1DB5 /* SnoizeMIDI.h */; settings = {ATTRIBUTES = (Public, ); }; };
		A581995016AF687400325CF3 /* SMClient.h in Headers */ = {isa = PBXBuildFile; fileRef = 16B11B5D0971D40100DB1DB5 /* SMClient.h */; settings = {ATTRIBUTES = (Public, ); }; };
		A581995116AF687400325CF3 /* SMHostTime.h in Headers */ = {isa = PBXBuildFile; fileRef = 16B11B650971D40100DB1DB5 /* SMHostTime.h */; settings = {ATTRIBUTES = (Public, ); }; };
		A581995216AF687400325CF3 /* SMUtilities.h in Headers */ = {isa = PBXBuildFile; fileRef = 16B11B890971D40100DB1DB5 /* SMUtilities.h */; settings = {ATTRIBUTES = (Public, ); }; };
		A581995316AF687400325CF3 /* NSArray-SMExtensions.h in Headers */ = {isa = PBXBuildFile; fileRef = 16B11B570971D40100DB1DB5 /* NSArray-SMExtensions.h */; settings = {ATTRIBUTES = (Public, ); }; };
		A581995416AF687400325CF3 /* NSData-SMExtensions.h in Headers */ = {isa = PBXBuildFile; fileRef = 16B11B590971D40100DB1DB5 /* NSData-SMExtensions.h */; settings = {ATTRIBUTES = (Public, ); }; };
		A581995516AF687400325CF3 /* NSString-SMExtensions.h in Headers */ = {isa = PBXBuildFile; fileRef = 16B11B5B0971D40100DB1DB5 /* NSString-SMExtensions.h */; settings = {ATTRIBUTES = (Public, ); }; };
		A581995616AF687400325CF3 /* SMMIDIObject.h in Headers */ = {isa = PBXBuildFile; fileRef = 16B11B790971D40100DB1DB5 /* SMMIDIObject.h */; settings = {ATTRIBUTES = (Public, ); }; };
		A581995716AF687400325CF3 /* SMMIDIObject-Private.h in Headers */ = {isa = PBXBuildFile; fileRef = 16B11B780971D40100DB1DB5 /* SMMIDIObject-Private.h */; settings = {ATTRIBUTES = (Public, ); }; };
		A581995816AF687400325CF3 /* SMDevice.h in Headers */ = {isa = PBXBuildFile; fileRef = 16B11B5F0971D40100DB1DB5 /* SMDevice.h */; settings = {ATTRIBUTES = (Public, ); }; };
		A581995916AF687400325CF3 /* SMEndpoint.h in Headers */ = {isa = PBXBuildFile; fileRef = 16B11B610971D40100DB1DB5 /* SMEndpoint.h */; settings = {ATTRIBUTES = (Public, ); }; };
		A581995A16AF687400325CF3 /* SMExternalDevice.h in Headers */ = {isa = PBXBuildFile; fileRef = 16B11B630971D40100DB1DB5 /* SMExternalDevice.h */; settings = {ATTRIBUTES = (Public, ); }; };
		A581995B16AF687400325CF3 /* SMMessage.h in Headers */ = {isa = PBXBuildFile; fileRef = 16B11B6D0971D40100DB1DB5 /* SMMessage.h */; settings = {ATTRIBUTES = (Public, ); }; };
		A581995C16AF687400325CF3 /* SMVoiceMessage.h in Headers */ = {isa = PBXBuildFile; fileRef = 16B11B8F0971D40100DB1DB5 /* SMVoiceMessage.h */; settings = {ATTRIBUTES = (Public, ); }; };
		A581995D16AF687400325CF3 /* SMSystemCommonMessage.h in Headers */ = {isa = PBXBuildFile; fileRef = 16B11B830971D40100DB1DB5 /* SMSystemCommonMessage.h */; settings = {ATTRIBUTES = (Public, ); }; };
		A581995E16AF687400325CF3 /* SMSystemRealTimeMessage.h in Headers */ = {isa = PBXBuildFile; fileRef = 16B11B870971D40100DB1DB5 /* SMSystemRealTimeMessage.h */; settings = {ATTRIBUTES = (Public, ); }; };
		A581995F16AF687400325CF3 /* SMSystemExclusiveMessage.h in Headers */ = {isa = PBXBuildFile; fileRef = 16B11B850971D40100DB1DB5 /* SMSystemExclusiveMessage.h */; settings = {ATTRIBUTES = (Public, ); }; };
		A581996016AF687400325CF3 /* SMInvalidMessage.h in Headers */ = {isa = PBXBuildFile; fileRef = 16B11B6B0971D40100DB1DB5 /* SMInvalidMessage.h */; settings = {ATTRIBUTES = (Public, ); }; };
		A581996116AF687400325CF3 /* SMMessageTimeBase.h in Headers */ = {isa = PBXBuildFile; fileRef = 1648765E0E6D2A22002CF387 /* SMMessageTimeBase.h */; settings = {ATTRIBUTES = (Public, ); }; };
		A581996216AF687400325CF3 /* SMMessageDestinationProtocol.h in Headers */ = {isa = PBXBuildFile; fileRef = 16B11B6F0971D40100DB1DB5 /* SMMessageDestinationProtocol.h */; settings = {ATTRIBUTES = (Public, ); }; };
		A581996316AF687400325CF3 /* SMInputStream.h in Headers */ = {isa = PBXBuildFile; fileRef = 16B11B670971D40100DB1DB5 /* SMInputStream.h */; settings = {ATTRIBUTES = (Public, ); }; };
		A581996416AF687400325CF3 /* SMInputStreamSource.h in Headers */ = {isa = PBXBuildFile; fileRef = 16B11B690971D40100DB1DB5 /* SMInputStreamSource.h */; settings = {ATTRIBUTES = (Public, ); }; };
		A581996516AF687400325CF3 /* SMMessageParser.h in Headers */ = {isa = PBXBuildFile; fileRef = 16B11B760971D40100DB1DB5 /* SMMessageParser.h */; settings = {ATTRIBUTES = (Public, ); }; };
		A581996616AF687400325CF3 /* SMPortInputStream.h in Headers */ = {isa = PBXBuildFile; fileRef = 16B11B7D0971D40100DB1DB5 /* SMPortInputStream.h */; settings = {ATTRIBUTES = (Public, ); }; };
		A581996716AF687400325CF3 /* SMVirtualInputStream.h in Headers */ = {isa = PBXBuildFile; fileRef = 16B11B8B0971D40100DB1DB5 /* SMVirtualInputStream.h */; settings = {ATTRIBUTES = (Public, ); }; };
		A581996816AF687400325CF3 /* SMOutputStream.h in Headers */ = {isa = PBXBuildFile; fileRef = 16B11B7B0971D40100DB1DB5 /* SMOutputStream.h */; settings = {ATTRIBUTES = (Public, ); }; };
		A581996916AF687400325CF3 /* SMPortOutputStream.h in Headers */ = {isa = PBXBuildFile; fileRef = 16B11B7F0971D40100DB1DB5 /* SMPortOutputStream.h */; settings = {ATTRIBUTES = (Public, ); }; };
		A581996A16AF687400325CF3 /* SMVirtualOutputStream.h in Headers */ = {isa = PBXBuildFile; fileRef = 16B11B8D0971D40100DB1DB5 /* SMVirtualOutputStream.h */; settings = {ATTRIBUTES = (Public, ); }; };
		A581996B16AF687400325CF3 /* SMSysExSendRequest.h in Headers */ = {isa = PBXBuildFile; fileRef = 16B11B810971D40100DB1DB5 /* SMSysExSendRequest.h */; settings = {ATTRIBUTES = (Public, ); }; };
		A581996C16AF687400325CF3 /* SMMessageFilter.h in Headers */ = {isa = PBXBuildFile; fileRef = 16B11B700971D40100DB1DB5 /* SMMessageFilter.h */; settings = {ATTRIBUTES = (Public, ); }; };
		A581996D16AF687400325CF3 /* SMMessageHistory.h in Headers */ = {isa = PBXBuildFile; fileRef = 16B11B720971D40100DB1DB5 /* SMMessageHistory.h */; settings = {ATTRIBUTES = (Public, ); }; };
		A581996E16AF687400325CF3 /* SMMessageMult.h in Headers */ = {isa = PBXBuildFile; fileRef = 16B11B740971D40100DB1DB5 /* SMMessageMult.h */; settings = {ATTRIBUTES = (Public, ); }; };
		A581999816AF699100325CF3 /* CoreMIDI.framework in Frameworks */ = {isa = PBXBuildFile; fileRef = A581999716AF699100325CF3 /* CoreMIDI.framework */; };
/* End PBXBuildFile section */

/* Begin PBXFileReference section */
		0867D69BFE84028FC02AAC07 /* Foundation.framework */ = {isa = PBXFileReference; lastKnownFileType = wrapper.framework; name = Foundation.framework; path = /System/Library/Frameworks/Foundation.framework; sourceTree = "<absolute>"; };
		089C1667FE841158C02AAC07 /* English */ = {isa = PBXFileReference; fileEncoding = 10; lastKnownFileType = text.plist.strings; name = English; path = English.lproj/InfoPlist.strings; sourceTree = "<group>"; };
		161D6C940972111A00CA5276 /* Snoize-Project-Debug.xcconfig */ = {isa = PBXFileReference; fileEncoding = 4; lastKnownFileType = text.xcconfig; name = "Snoize-Project-Debug.xcconfig"; path = "../../Configurations/Snoize-Project-Debug.xcconfig"; sourceTree = SOURCE_ROOT; };
		161D6C9C097211EC00CA5276 /* Snoize-Project-Release.xcconfig */ = {isa = PBXFileReference; fileEncoding = 4; lastKnownFileType = text.xcconfig; name = "Snoize-Project-Release.xcconfig"; path = "../../Configurations/Snoize-Project-Release.xcconfig"; sourceTree = SOURCE_ROOT; };
		161D6CA10972127700CA5276 /* Snoize-Project-Global.xcconfig */ = {isa = PBXFileReference; fileEncoding = 4; lastKnownFileType = text.xcconfig; name = "Snoize-Project-Global.xcconfig"; path = "../../Configurations/Snoize-Project-Global.xcconfig"; sourceTree = SOURCE_ROOT; };
		1648765E0E6D2A22002CF387 /* SMMessageTimeBase.h */ = {isa = PBXFileReference; fileEncoding = 4; lastKnownFileType = sourcecode.c.h; path = SMMessageTimeBase.h; sourceTree = "<group>"; };
		1648765F0E6D2A22002CF387 /* SMMessageTimeBase.m */ = {isa = PBXFileReference; fileEncoding = 4; lastKnownFileType = sourcecode.c.objc; path = SMMessageTimeBase.m; sourceTree = "<group>"; };
		16B11B570971D40100DB1DB5 /* NSArray-SMExtensions.h */ = {isa = PBXFileReference; fileEncoding = 30; lastKnownFileType = sourcecode.c.h; path = "NSArray-SMExtensions.h"; sourceTree = "<group>"; };
		16B11B580971D40100DB1DB5 /* NSArray-SMExtensions.m */ = {isa = PBXFileReference; fileEncoding = 30; lastKnownFileType = sourcecode.c.objc; path = "NSArray-SMExtensions.m"; sourceTree = "<group>"; };
		16B11B590971D40100DB1DB5 /* NSData-SMExtensions.h */ = {isa = PBXFileReference; fileEncoding = 30; lastKnownFileType = sourcecode.c.h; path = "NSData-SMExtensions.h"; sourceTree = "<group>"; };
		16B11B5A0971D40100DB1DB5 /* NSData-SMExtensions.m */ = {isa = PBXFileReference; fileEncoding = 30; lastKnownFileType = sourcecode.c.objc; path = "NSData-SMExtensions.m"; sourceTree = "<group>"; };
		16B11B5B0971D40100DB1DB5 /* NSString-SMExtensions.h */ = {isa = PBXFileReference; fileEncoding = 30; lastKnownFileType = sourcecode.c.h; path = "NSString-SMExtensions.h"; sourceTree = "<group>"; };
		16B11B5C0971D40100DB1DB5 /* NSString-SMExtensions.m */ = {isa = PBXFileReference; fileEncoding = 30; lastKnownFileType = sourcecode.c.objc; path = "NSString-SMExtensions.m"; sourceTree = "<group>"; };
		16B11B5D0971D40100DB1DB5 /* SMClient.h */ = {isa = PBXFileReference; fileEncoding = 30; lastKnownFileType = sourcecode.c.h; path = SMClient.h; sourceTree = "<group>"; };
		16B11B5E0971D40100DB1DB5 /* SMClient.m */ = {isa = PBXFileReference; fileEncoding = 30; lastKnownFileType = sourcecode.c.objc; path = SMClient.m; sourceTree = "<group>"; };
		16B11B5F0971D40100DB1DB5 /* SMDevice.h */ = {isa = PBXFileReference; fileEncoding = 30; lastKnownFileType = sourcecode.c.h; path = SMDevice.h; sourceTree = "<group>"; };
		16B11B600971D40100DB1DB5 /* SMDevice.m */ = {isa = PBXFileReference; fileEncoding = 30; lastKnownFileType = sourcecode.c.objc; path = SMDevice.m; sourceTree = "<group>"; };
		16B11B610971D40100DB1DB5 /* SMEndpoint.h */ = {isa = PBXFileReference; fileEncoding = 30; lastKnownFileType = sourcecode.c.h; path = SMEndpoint.h; sourceTree = "<group>"; };
		16B11B620971D40100DB1DB5 /* SMEndpoint.m */ = {isa = PBXFileReference; fileEncoding = 30; lastKnownFileType = sourcecode.c.objc; path = SMEndpoint.m; sourceTree = "<group>"; };
		16B11B630971D40100DB1DB5 /* SMExternalDevice.h */ = {isa = PBXFileReference; fileEncoding = 30; lastKnownFileType = sourcecode.c.h; path = SMExternalDevice.h; sourceTree = "<group>"; };
		16B11B640971D40100DB1DB5 /* SMExternalDevice.m */ = {isa = PBXFileReference; fileEncoding = 30; lastKnownFileType = sourcecode.c.objc; path = SMExternalDevice.m; sourceTree = "<group>"; };
		16B11B650971D40100DB1DB5 /* SMHostTime.h */ = {isa = PBXFileReference; fileEncoding = 30; lastKnownFileType = sourcecode.c.h; path = SMHostTime.h; sourceTree = "<group>"; };
		16B11B660971D40100DB1DB5 /* SMHostTime.m */ = {isa = PBXFileReference; fileEncoding = 30; lastKnownFileType = sourcecode.c.objc; path = SMHostTime.m; sourceTree = "<group>"; };
		16B11B670971D40100DB1DB5 /* SMInputStream.h */ = {isa = PBXFileReference; fileEncoding = 30; lastKnownFileType = sourcecode.c.h; path = SMInputStream.h; sourceTree = "<group>"; };
		16B11B680971D40100DB1DB5 /* SMInputStream.m */ = {isa = PBXFileReference; fileEncoding = 30; lastKnownFileType = sourcecode.c.objc; path = SMInputStream.m; sourceTree = "<group>"; };
		16B11B690971D40100DB1DB5 /* SMInputStreamSource.h */ = {isa = PBXFileReference; fileEncoding = 30; lastKnownFileType = sourcecode.c.h; path = SMInputStreamSource.h; sourceTree = "<group>"; };
		16B11B6A0971D40100DB1DB5 /* SMInputStreamSource.m */ = {isa = PBXFileReference; fileEncoding = 30; lastKnownFileType = sourcecode.c.objc; path = SMInputStreamSource.m; sourceTree = "<group>"; };
		16B11B6B0971D40100DB1DB5 /* SMInvalidMessage.h */ = {isa = PBXFileReference; fileEncoding = 30; lastKnownFileType = sourcecode.c.h; path = SMInvalidMessage.h; sourceTree = "<group>"; };
		16B11B6C0971D40100DB1DB5 /* SMInvalidMessage.m */ = {isa = PBXFileReference; fileEncoding = 30; lastKnownFileType = sourcecode.c.objc; path = SMInvalidMessage.m; sourceTree = "<group>"; };
		16B11B6D0971D40100DB1DB5 /* SMMessage.h */ = {isa = PBXFileReference; fileEncoding = 30; lastKnownFileType = sourcecode.c.h; path = SMMessage.h; sourceTree = "<group>"; };
		16B11B6E0971D40100DB1DB5 /* SMMessage.m */ = {isa = PBXFileReference; fileEncoding = 4; lastKnownFileType = sourcecode.c.objc; path = SMMessage.m; sourceTree = "<group>"; };
		16B11B6F0971D40100DB1DB5 /* SMMessageDestinationProtocol.h */ = {isa = PBXFileReference; fileEncoding = 30; lastKnownFileType = sourcecode.c.h; path = SMMessageDestinationProtocol.h; sourceTree = "<group>"; };
		16B11B700971D40100DB1DB5 /* SMMessageFilter.h */ = {isa = PBXFileReference; fileEncoding = 30; lastKnownFileType = sourcecode.c.h; path = SMMessageFilter.h; sourceTree = "<group>"; };
		16B11B710971D40100DB1DB5 /* SMMessageFilter.m */ = {isa = PBXFileReference; fileEncoding = 30; lastKnownFileType = sourcecode.c.objc; path = SMMessageFilter.m; sourceTree = "<group>"; };
		16B11B720971D40100DB1DB5 /* SMMessageHistory.h */ = {isa = PBXFileReference; fileEncoding = 30; lastKnownFileType = sourcecode.c.h; path = SMMessageHistory.h; sourceTree = "<group>"; };
		16B11B730971D40100DB1DB5 /* SMMessageHistory.m */ = {isa = PBXFileReference; fileEncoding = 30; lastKnownFileType = sourcecode.c.objc; path = SMMessageHistory.m; sourceTree = "<group>"; };
		16B11B740971D40100DB1DB5 /* SMMessageMult.h */ = {isa = PBXFileReference; fileEncoding = 30; lastKnownFileType = sourcecode.c.h; path = SMMessageMult.h; sourceTree = "<group>"; };
		16B11B750971D40100DB1DB5 /* SMMessageMult.m */ = {isa = PBXFileReference; fileEncoding = 30; lastKnownFileType = sourcecode.c.objc; path = SMMessageMult.m; sourceTree = "<group>"; };
		16B11B760971D40100DB1DB5 /* SMMessageParser.h */ = {isa = PBXFileReference; fileEncoding = 30; lastKnownFileType = sourcecode.c.h; path = SMMessageParser.h; sourceTree = "<group>"; };
		16B11B770971D40100DB1DB5 /* SMMessageParser.m */ = {isa = PBXFileReference; fileEncoding = 30; lastKnownFileType = sourcecode.c.objc; path = SMMessageParser.m; sourceTree = "<group>"; };
		16B11B780971D40100DB1DB5 /* SMMIDIObject-Private.h */ = {isa = PBXFileReference; fileEncoding = 30; lastKnownFileType = sourcecode.c.h; path = "SMMIDIObject-Private.h"; sourceTree = "<group>"; };
		16B11B790971D40100DB1DB5 /* SMMIDIObject.h */ = {isa = PBXFileReference; fileEncoding = 30; lastKnownFileType = sourcecode.c.h; path = SMMIDIObject.h; sourceTree = "<group>"; };
		16B11B7A0971D40100DB1DB5 /* SMMIDIObject.m */ = {isa = PBXFileReference; fileEncoding = 30; lastKnownFileType = sourcecode.c.objc; path = SMMIDIObject.m; sourceTree = "<group>"; };
		16B11B7B0971D40100DB1DB5 /* SMOutputStream.h */ = {isa = PBXFileReference; fileEncoding = 30; lastKnownFileType = sourcecode.c.h; path = SMOutputStream.h; sourceTree = "<group>"; };
		16B11B7C0971D40100DB1DB5 /* SMOutputStream.m */ = {isa = PBXFileReference; fileEncoding = 30; lastKnownFileType = sourcecode.c.objc; path = SMOutputStream.m; sourceTree = "<group>"; };
		16B11B7D0971D40100DB1DB5 /* SMPortInputStream.h */ = {isa = PBXFileReference; fileEncoding = 30; lastKnownFileType = sourcecode.c.h; path = SMPortInputStream.h; sourceTree = "<group>"; };
		16B11B7E0971D40100DB1DB5 /* SMPortInputStream.m */ = {isa = PBXFileReference; fileEncoding = 30; lastKnownFileType = sourcecode.c.objc; path = SMPortInputStream.m; sourceTree = "<group>"; };
		16B11B7F0971D40100DB1DB5 /* SMPortOutputStream.h */ = {isa = PBXFileReference; fileEncoding = 30; lastKnownFileType = sourcecode.c.h; path = SMPortOutputStream.h; sourceTree = "<group>"; };
		16B11B800971D40100DB1DB5 /* SMPortOutputStream.m */ = {isa = PBXFileReference; fileEncoding = 30; lastKnownFileType = sourcecode.c.objc; path = SMPortOutputStream.m; sourceTree = "<group>"; };
		16B11B810971D40100DB1DB5 /* SMSysExSendRequest.h */ = {isa = PBXFileReference; fileEncoding = 30; lastKnownFileType = sourcecode.c.h; path = SMSysExSendRequest.h; sourceTree = "<group>"; };
		16B11B820971D40100DB1DB5 /* SMSysExSendRequest.m */ = {isa = PBXFileReference; fileEncoding = 30; lastKnownFileType = sourcecode.c.objc; path = SMSysExSendRequest.m; sourceTree = "<group>"; };
		16B11B830971D40100DB1DB5 /* SMSystemCommonMessage.h */ = {isa = PBXFileReference; fileEncoding = 30; lastKnownFileType = sourcecode.c.h; path = SMSystemCommonMessage.h; sourceTree = "<group>"; };
		16B11B840971D40100DB1DB5 /* SMSystemCommonMessage.m */ = {isa = PBXFileReference; fileEncoding = 30; lastKnownFileType = sourcecode.c.objc; path = SMSystemCommonMessage.m; sourceTree = "<group>"; };
		16B11B850971D40100DB1DB5 /* SMSystemExclusiveMessage.h */ = {isa = PBXFileReference; fileEncoding = 30; lastKnownFileType = sourcecode.c.h; path = SMSystemExclusiveMessage.h; sourceTree = "<group>"; };
		16B11B860971D40100DB1DB5 /* SMSystemExclusiveMessage.m */ = {isa = PBXFileReference; fileEncoding = 30; lastKnownFileType = sourcecode.c.objc; path = SMSystemExclusiveMessage.m; sourceTree = "<group>"; };
		16B11B870971D40100DB1DB5 /* SMSystemRealTimeMessage.h */ = {isa = PBXFileReference; fileEncoding = 30; lastKnownFileType = sourcecode.c.h; path = SMSystemRealTimeMessage.h; sourceTree = "<group>"; };
		16B11B880971D40100DB1DB5 /* SMSystemRealTimeMessage.m */ = {isa = PBXFileReference; fileEncoding = 30; lastKnownFileType = sourcecode.c.objc; path = SMSystemRealTimeMessage.m; sourceTree = "<group>"; };
		16B11B890971D40100DB1DB5 /* SMUtilities.h */ = {isa = PBXFileReference; fileEncoding = 30; lastKnownFileType = sourcecode.c.h; path = SMUtilities.h; sourceTree = "<group>"; };
		16B11B8A0971D40100DB1DB5 /* SMUtilities.m */ = {isa = PBXFileReference; fileEncoding = 30; lastKnownFileType = sourcecode.c.objc; path = SMUtilities.m; sourceTree = "<group>"; };
		16B11B8B0971D40100DB1DB5 /* SMVirtualInputStream.h */ = {isa = PBXFileReference; fileEncoding = 30; lastKnownFileType = sourcecode.c.h; path = SMVirtualInputStream.h; sourceTree = "<group>"; };
		16B11B8C0971D40100DB1DB5 /* SMVirtualInputStream.m */ = {isa = PBXFileReference; fileEncoding = 30; lastKnownFileType = sourcecode.c.objc; path = SMVirtualInputStream.m; sourceTree = "<group>"; };
		16B11B8D0971D40100DB1DB5 /* SMVirtualOutputStream.h */ = {isa = PBXFileReference; fileEncoding = 30; lastKnownFileType = sourcecode.c.h; path = SMVirtualOutputStream.h; sourceTree = "<group>"; };
		16B11B8E0971D40100DB1DB5 /* SMVirtualOutputStream.m */ = {isa = PBXFileReference; fileEncoding = 30; lastKnownFileType = sourcecode.c.objc; path = SMVirtualOutputStream.m; sourceTree = "<group>"; };
		16B11B8F0971D40100DB1DB5 /* SMVoiceMessage.h */ = {isa = PBXFileReference; fileEncoding = 30; lastKnownFileType = sourcecode.c.h; path = SMVoiceMessage.h; sourceTree = "<group>"; };
		16B11B900971D40100DB1DB5 /* SMVoiceMessage.m */ = {isa = PBXFileReference; fileEncoding = 30; lastKnownFileType = sourcecode.c.objc; path = SMVoiceMessage.m; sourceTree = "<group>"; };
		16B11B910971D40100DB1DB5 /* SnoizeMIDI.h */ = {isa = PBXFileReference; fileEncoding = 30; lastKnownFileType = sourcecode.c.h; path = SnoizeMIDI.h; sourceTree = "<group>"; };
		16B11BEF0971D77600DB1DB5 /* English */ = {isa = PBXFileReference; fileEncoding = 4; lastKnownFileType = text.plist.xml; name = English; path = English.lproj/ControllerNames.plist; sourceTree = "<group>"; };
		16B11BF10971D77600DB1DB5 /* English */ = {isa = PBXFileReference; fileEncoding = 4; lastKnownFileType = text.plist.xml; name = English; path = English.lproj/ManufacturerNames.plist; sourceTree = "<group>"; };
		16B11BF50971D78500DB1DB5 /* English */ = {isa = PBXFileReference; fileEncoding = 10; lastKnownFileType = text.plist.strings; name = English; path = English.lproj/SnoizeMIDI.strings; sourceTree = "<group>"; };
		16B11DF00971D80F00DB1DB5 /* CoreMIDI.framework */ = {isa = PBXFileReference; lastKnownFileType = wrapper.framework; name = CoreMIDI.framework; path = /System/Library/Frameworks/CoreMIDI.framework; sourceTree = "<absolute>"; };
		16B4A55B0972151400F11AD6 /* Snoize-Framework-Global.xcconfig */ = {isa = PBXFileReference; fileEncoding = 4; lastKnownFileType = text.xcconfig; name = "Snoize-Framework-Global.xcconfig"; path = "../../Configurations/Snoize-Framework-Global.xcconfig"; sourceTree = SOURCE_ROOT; };
		16B4A55E0972152700F11AD6 /* Snoize-Framework-Debug.xcconfig */ = {isa = PBXFileReference; fileEncoding = 4; lastKnownFileType = text.xcconfig; name = "Snoize-Framework-Debug.xcconfig"; path = "../../Configurations/Snoize-Framework-Debug.xcconfig"; sourceTree = SOURCE_ROOT; };
		16B4A5610972153E00F11AD6 /* Snoize-Framework-Release.xcconfig */ = {isa = PBXFileReference; fileEncoding = 4; lastKnownFileType = text.xcconfig; name = "Snoize-Framework-Release.xcconfig"; path = "../../Configurations/Snoize-Framework-Release.xcconfig"; sourceTree = SOURCE_ROOT; };
		32DBCF5E0370ADEE00C91783 /* SnoizeMIDI_Prefix.pch */ = {isa = PBXFileReference; fileEncoding = 4; lastKnownFileType = sourcecode.c.h; path = SnoizeMIDI_Prefix.pch; sourceTree = "<group>"; };
		8DC2EF5A0486A6940098B216 /* Info.plist */ = {isa = PBXFileReference; fileEncoding = 4; lastKnownFileType = text.plist; path = Info.plist; sourceTree = "<group>"; };
		8DC2EF5B0486A6940098B216 /* SnoizeMIDI.framework */ = {isa = PBXFileReference; explicitFileType = wrapper.framework; includeInIndex = 0; path = SnoizeMIDI.framework; sourceTree = BUILT_PRODUCTS_DIR; };
		A53DDB97148F4219006D2FFD /* libSnoizeMIDIiOS.a */ = {isa = PBXFileReference; explicitFileType = archive.ar; includeInIndex = 0; path = libSnoizeMIDIiOS.a; sourceTree = BUILT_PRODUCTS_DIR; };
		A53DDB99148F4219006D2FFD /* Foundation.framework */ = {isa = PBXFileReference; lastKnownFileType = wrapper.framework; name = Foundation.framework; path = System/Library/Frameworks/Foundation.framework; sourceTree = SDKROOT; };
		A53DDB9D148F4219006D2FFD /* SnoizeMIDIiOS-Prefix.pch */ = {isa = PBXFileReference; lastKnownFileType = sourcecode.c.h; path = "SnoizeMIDIiOS-Prefix.pch"; sourceTree = "<group>"; };
		A581997216AF687400325CF3 /* libSnoizeMIDI.a */ = {isa = PBXFileReference; explicitFileType = archive.ar; includeInIndex = 0; path = libSnoizeMIDI.a; sourceTree = BUILT_PRODUCTS_DIR; };
		A581999716AF699100325CF3 /* CoreMIDI.framework */ = {isa = PBXFileReference; lastKnownFileType = wrapper.framework; name = CoreMIDI.framework; path = System/Library/Frameworks/CoreMIDI.framework; sourceTree = SDKROOT; };
/* End PBXFileReference section */

/* Begin PBXFrameworksBuildPhase section */
		8DC2EF560486A6940098B216 /* Frameworks */ = {
			isa = PBXFrameworksBuildPhase;
			buildActionMask = 2147483647;
			files = (
				16B11DF20971D80F00DB1DB5 /* CoreMIDI.framework in Frameworks */,
				16B11DF30971D81400DB1DB5 /* Foundation.framework in Frameworks */,
			);
			runOnlyForDeploymentPostprocessing = 0;
		};
		A53DDB94148F4219006D2FFD /* Frameworks */ = {
			isa = PBXFrameworksBuildPhase;
			buildActionMask = 2147483647;
			files = (
				A53DDB9A148F4219006D2FFD /* Foundation.framework in Frameworks */,
			);
			runOnlyForDeploymentPostprocessing = 0;
		};
		A581994C16AF687400325CF3 /* Frameworks */ = {
			isa = PBXFrameworksBuildPhase;
			buildActionMask = 2147483647;
			files = (
				A581994D16AF687400325CF3 /* Foundation.framework in Frameworks */,
				A581999816AF699100325CF3 /* CoreMIDI.framework in Frameworks */,
			);
			runOnlyForDeploymentPostprocessing = 0;
		};
/* End PBXFrameworksBuildPhase section */

/* Begin PBXGroup section */
		034768DFFF38A50411DB9C8B /* Products */ = {
			isa = PBXGroup;
			children = (
				8DC2EF5B0486A6940098B216 /* SnoizeMIDI.framework */,
				A53DDB97148F4219006D2FFD /* libSnoizeMIDIiOS.a */,
				A581997216AF687400325CF3 /* libSnoizeMIDI.a */,
			);
			name = Products;
			sourceTree = "<group>";
		};
		0867D691FE84028FC02AAC07 /* SnoizeMIDI */ = {
			isa = PBXGroup;
			children = (
				08FB77AEFE84172EC02AAC07 /* Source */,
				089C1665FE841158C02AAC07 /* Resources */,
				0867D69AFE84028FC02AAC07 /* External Frameworks and Libraries */,
				161D6C970972112200CA5276 /* Configurations */,
				A53DDB98148F4219006D2FFD /* Frameworks */,
				034768DFFF38A50411DB9C8B /* Products */,
			);
			name = SnoizeMIDI;
			sourceTree = "<group>";
		};
		0867D69AFE84028FC02AAC07 /* External Frameworks and Libraries */ = {
			isa = PBXGroup;
			children = (
				0867D69BFE84028FC02AAC07 /* Foundation.framework */,
				16B11DF00971D80F00DB1DB5 /* CoreMIDI.framework */,
			);
			name = "External Frameworks and Libraries";
			sourceTree = "<group>";
		};
		089C1665FE841158C02AAC07 /* Resources */ = {
			isa = PBXGroup;
			children = (
				8DC2EF5A0486A6940098B216 /* Info.plist */,
				089C1666FE841158C02AAC07 /* InfoPlist.strings */,
				16B11BF40971D78500DB1DB5 /* SnoizeMIDI.strings */,
				16B11BEE0971D77600DB1DB5 /* ControllerNames.plist */,
				16B11BF00971D77600DB1DB5 /* ManufacturerNames.plist */,
			);
			name = Resources;
			sourceTree = "<group>";
		};
		08FB77AEFE84172EC02AAC07 /* Source */ = {
			isa = PBXGroup;
			children = (
				16B11BD40971D5FC00DB1DB5 /* Framework Headers */,
				16B11BD10971D5C400DB1DB5 /* Global / Utilities */,
				16B11BD70971D61700DB1DB5 /* Foundation Extensions */,
				16B11BDC0971D63D00DB1DB5 /* CoreMIDI Objects */,
				16B11BDF0971D67400DB1DB5 /* Messages */,
				16B11BE20971D6C500DB1DB5 /* Streams */,
				16B11BED0971D74B00DB1DB5 /* Processors */,
			);
			name = Source;
			sourceTree = "<group>";
		};
		161D6C970972112200CA5276 /* Configurations */ = {
			isa = PBXGroup;
			children = (
				161D6CA10972127700CA5276 /* Snoize-Project-Global.xcconfig */,
				161D6C940972111A00CA5276 /* Snoize-Project-Debug.xcconfig */,
				161D6C9C097211EC00CA5276 /* Snoize-Project-Release.xcconfig */,
				16B4A55B0972151400F11AD6 /* Snoize-Framework-Global.xcconfig */,
				16B4A55E0972152700F11AD6 /* Snoize-Framework-Debug.xcconfig */,
				16B4A5610972153E00F11AD6 /* Snoize-Framework-Release.xcconfig */,
			);
			name = Configurations;
			sourceTree = "<group>";
		};
		16B11BD10971D5C400DB1DB5 /* Global / Utilities */ = {
			isa = PBXGroup;
			children = (
				16B11B5D0971D40100DB1DB5 /* SMClient.h */,
				16B11B5E0971D40100DB1DB5 /* SMClient.m */,
				16B11B650971D40100DB1DB5 /* SMHostTime.h */,
				16B11B660971D40100DB1DB5 /* SMHostTime.m */,
				16B11B890971D40100DB1DB5 /* SMUtilities.h */,
				16B11B8A0971D40100DB1DB5 /* SMUtilities.m */,
			);
			name = "Global / Utilities";
			sourceTree = "<group>";
		};
		16B11BD40971D5FC00DB1DB5 /* Framework Headers */ = {
			isa = PBXGroup;
			children = (
				16B11B910971D40100DB1DB5 /* SnoizeMIDI.h */,
				32DBCF5E0370ADEE00C91783 /* SnoizeMIDI_Prefix.pch */,
				A53DDB9D148F4219006D2FFD /* SnoizeMIDIiOS-Prefix.pch */,
			);
			name = "Framework Headers";
			sourceTree = "<group>";
		};
		16B11BD70971D61700DB1DB5 /* Foundation Extensions */ = {
			isa = PBXGroup;
			children = (
				16B11B570971D40100DB1DB5 /* NSArray-SMExtensions.h */,
				16B11B580971D40100DB1DB5 /* NSArray-SMExtensions.m */,
				16B11B590971D40100DB1DB5 /* NSData-SMExtensions.h */,
				16B11B5A0971D40100DB1DB5 /* NSData-SMExtensions.m */,
				16B11B5B0971D40100DB1DB5 /* NSString-SMExtensions.h */,
				16B11B5C0971D40100DB1DB5 /* NSString-SMExtensions.m */,
			);
			name = "Foundation Extensions";
			sourceTree = "<group>";
		};
		16B11BDC0971D63D00DB1DB5 /* CoreMIDI Objects */ = {
			isa = PBXGroup;
			children = (
				16B11B790971D40100DB1DB5 /* SMMIDIObject.h */,
				16B11B7A0971D40100DB1DB5 /* SMMIDIObject.m */,
				16B11B780971D40100DB1DB5 /* SMMIDIObject-Private.h */,
				16B11B5F0971D40100DB1DB5 /* SMDevice.h */,
				16B11B600971D40100DB1DB5 /* SMDevice.m */,
				16B11B610971D40100DB1DB5 /* SMEndpoint.h */,
				16B11B620971D40100DB1DB5 /* SMEndpoint.m */,
				16B11B630971D40100DB1DB5 /* SMExternalDevice.h */,
				16B11B640971D40100DB1DB5 /* SMExternalDevice.m */,
			);
			name = "CoreMIDI Objects";
			sourceTree = "<group>";
		};
		16B11BDF0971D67400DB1DB5 /* Messages */ = {
			isa = PBXGroup;
			children = (
				16B11B6D0971D40100DB1DB5 /* SMMessage.h */,
				16B11B6E0971D40100DB1DB5 /* SMMessage.m */,
				16B11B8F0971D40100DB1DB5 /* SMVoiceMessage.h */,
				16B11B900971D40100DB1DB5 /* SMVoiceMessage.m */,
				16B11B830971D40100DB1DB5 /* SMSystemCommonMessage.h */,
				16B11B840971D40100DB1DB5 /* SMSystemCommonMessage.m */,
				16B11B870971D40100DB1DB5 /* SMSystemRealTimeMessage.h */,
				16B11B880971D40100DB1DB5 /* SMSystemRealTimeMessage.m */,
				16B11B850971D40100DB1DB5 /* SMSystemExclusiveMessage.h */,
				16B11B860971D40100DB1DB5 /* SMSystemExclusiveMessage.m */,
				16B11B6B0971D40100DB1DB5 /* SMInvalidMessage.h */,
				16B11B6C0971D40100DB1DB5 /* SMInvalidMessage.m */,
				1648765E0E6D2A22002CF387 /* SMMessageTimeBase.h */,
				1648765F0E6D2A22002CF387 /* SMMessageTimeBase.m */,
			);
			name = Messages;
			sourceTree = "<group>";
		};
		16B11BE20971D6C500DB1DB5 /* Streams */ = {
			isa = PBXGroup;
			children = (
				16B11B6F0971D40100DB1DB5 /* SMMessageDestinationProtocol.h */,
				16B11BE70971D6E300DB1DB5 /* Input Streams */,
				16B11BEA0971D6EA00DB1DB5 /* Output Streams */,
			);
			name = Streams;
			sourceTree = "<group>";
		};
		16B11BE70971D6E300DB1DB5 /* Input Streams */ = {
			isa = PBXGroup;
			children = (
				16B11B670971D40100DB1DB5 /* SMInputStream.h */,
				16B11B680971D40100DB1DB5 /* SMInputStream.m */,
				16B11B690971D40100DB1DB5 /* SMInputStreamSource.h */,
				16B11B6A0971D40100DB1DB5 /* SMInputStreamSource.m */,
				16B11B760971D40100DB1DB5 /* SMMessageParser.h */,
				16B11B770971D40100DB1DB5 /* SMMessageParser.m */,
				16B11B7D0971D40100DB1DB5 /* SMPortInputStream.h */,
				16B11B7E0971D40100DB1DB5 /* SMPortInputStream.m */,
				16B11B8B0971D40100DB1DB5 /* SMVirtualInputStream.h */,
				16B11B8C0971D40100DB1DB5 /* SMVirtualInputStream.m */,
			);
			name = "Input Streams";
			sourceTree = "<group>";
		};
		16B11BEA0971D6EA00DB1DB5 /* Output Streams */ = {
			isa = PBXGroup;
			children = (
				16B11B7B0971D40100DB1DB5 /* SMOutputStream.h */,
				16B11B7C0971D40100DB1DB5 /* SMOutputStream.m */,
				16B11B7F0971D40100DB1DB5 /* SMPortOutputStream.h */,
				16B11B800971D40100DB1DB5 /* SMPortOutputStream.m */,
				16B11B8D0971D40100DB1DB5 /* SMVirtualOutputStream.h */,
				16B11B8E0971D40100DB1DB5 /* SMVirtualOutputStream.m */,
				16B11B810971D40100DB1DB5 /* SMSysExSendRequest.h */,
				16B11B820971D40100DB1DB5 /* SMSysExSendRequest.m */,
			);
			name = "Output Streams";
			sourceTree = "<group>";
		};
		16B11BED0971D74B00DB1DB5 /* Processors */ = {
			isa = PBXGroup;
			children = (
				16B11B700971D40100DB1DB5 /* SMMessageFilter.h */,
				16B11B710971D40100DB1DB5 /* SMMessageFilter.m */,
				16B11B720971D40100DB1DB5 /* SMMessageHistory.h */,
				16B11B730971D40100DB1DB5 /* SMMessageHistory.m */,
				16B11B740971D40100DB1DB5 /* SMMessageMult.h */,
				16B11B750971D40100DB1DB5 /* SMMessageMult.m */,
			);
			name = Processors;
			sourceTree = "<group>";
		};
		A53DDB98148F4219006D2FFD /* Frameworks */ = {
			isa = PBXGroup;
			children = (
				A581999716AF699100325CF3 /* CoreMIDI.framework */,
				A53DDB99148F4219006D2FFD /* Foundation.framework */,
			);
			name = Frameworks;
			sourceTree = "<group>";
		};
/* End PBXGroup section */

/* Begin PBXHeadersBuildPhase section */
		8DC2EF500486A6940098B216 /* Headers */ = {
			isa = PBXHeadersBuildPhase;
			buildActionMask = 2147483647;
			files = (
				16B11B940971D40100DB1DB5 /* NSArray-SMExtensions.h in Headers */,
				16B11B960971D40100DB1DB5 /* NSData-SMExtensions.h in Headers */,
				16B11B980971D40100DB1DB5 /* NSString-SMExtensions.h in Headers */,
				16B11B9A0971D40100DB1DB5 /* SMClient.h in Headers */,
				16B11B9C0971D40100DB1DB5 /* SMDevice.h in Headers */,
				16B11B9E0971D40100DB1DB5 /* SMEndpoint.h in Headers */,
				16B11BA00971D40100DB1DB5 /* SMExternalDevice.h in Headers */,
				16B11BA20971D40100DB1DB5 /* SMHostTime.h in Headers */,
				16B11BA40971D40100DB1DB5 /* SMInputStream.h in Headers */,
				16B11BA60971D40100DB1DB5 /* SMInputStreamSource.h in Headers */,
				16B11BA80971D40100DB1DB5 /* SMInvalidMessage.h in Headers */,
				16B11BAA0971D40100DB1DB5 /* SMMessage.h in Headers */,
				16B11BAC0971D40100DB1DB5 /* SMMessageDestinationProtocol.h in Headers */,
				16B11BAD0971D40100DB1DB5 /* SMMessageFilter.h in Headers */,
				16B11BAF0971D40100DB1DB5 /* SMMessageHistory.h in Headers */,
				16B11BB10971D40100DB1DB5 /* SMMessageMult.h in Headers */,
				16B11BB30971D40100DB1DB5 /* SMMessageParser.h in Headers */,
				16B11BB50971D40100DB1DB5 /* SMMIDIObject-Private.h in Headers */,
				16B11BB60971D40100DB1DB5 /* SMMIDIObject.h in Headers */,
				16B11BB80971D40100DB1DB5 /* SMOutputStream.h in Headers */,
				16B11BBA0971D40100DB1DB5 /* SMPortInputStream.h in Headers */,
				16B11BBC0971D40100DB1DB5 /* SMPortOutputStream.h in Headers */,
				16B11BBE0971D40100DB1DB5 /* SMSysExSendRequest.h in Headers */,
				16B11BC00971D40100DB1DB5 /* SMSystemCommonMessage.h in Headers */,
				16B11BC20971D40100DB1DB5 /* SMSystemExclusiveMessage.h in Headers */,
				16B11BC40971D40100DB1DB5 /* SMSystemRealTimeMessage.h in Headers */,
				16B11BC60971D40100DB1DB5 /* SMUtilities.h in Headers */,
				16B11BC80971D40100DB1DB5 /* SMVirtualInputStream.h in Headers */,
				16B11BCA0971D40100DB1DB5 /* SMVirtualOutputStream.h in Headers */,
				16B11BCC0971D40100DB1DB5 /* SMVoiceMessage.h in Headers */,
				16B11BCE0971D40100DB1DB5 /* SnoizeMIDI.h in Headers */,
				164876600E6D2A22002CF387 /* SMMessageTimeBase.h in Headers */,
			);
			runOnlyForDeploymentPostprocessing = 0;
		};
		A53DDB95148F4219006D2FFD /* Headers */ = {
			isa = PBXHeadersBuildPhase;
			buildActionMask = 2147483647;
			files = (
				A53DDC16148F4C5D006D2FFD /* SnoizeMIDI.h in Headers */,
				A53DDC19148F4C70006D2FFD /* SMClient.h in Headers */,
				A53DDC1A148F4C70006D2FFD /* SMHostTime.h in Headers */,
				A53DDC1B148F4C70006D2FFD /* SMUtilities.h in Headers */,
				A53DDC1C148F4C79006D2FFD /* NSArray-SMExtensions.h in Headers */,
				A53DDC1D148F4C79006D2FFD /* NSData-SMExtensions.h in Headers */,
				A53DDC1E148F4C79006D2FFD /* NSString-SMExtensions.h in Headers */,
				A53DDC1F148F4C89006D2FFD /* SMMIDIObject.h in Headers */,
				A53DDC20148F4C89006D2FFD /* SMMIDIObject-Private.h in Headers */,
				A53DDC21148F4C89006D2FFD /* SMDevice.h in Headers */,
				A53DDC22148F4C89006D2FFD /* SMEndpoint.h in Headers */,
				A53DDC23148F4C89006D2FFD /* SMExternalDevice.h in Headers */,
				A53DDC24148F4C94006D2FFD /* SMMessage.h in Headers */,
				A53DDC25148F4C94006D2FFD /* SMVoiceMessage.h in Headers */,
				A53DDC26148F4C94006D2FFD /* SMSystemCommonMessage.h in Headers */,
				A53DDC27148F4C94006D2FFD /* SMSystemRealTimeMessage.h in Headers */,
				A53DDC28148F4C94006D2FFD /* SMSystemExclusiveMessage.h in Headers */,
				A53DDC29148F4C94006D2FFD /* SMInvalidMessage.h in Headers */,
				A53DDC2A148F4C94006D2FFD /* SMMessageTimeBase.h in Headers */,
				A53DDC2B148F4CA7006D2FFD /* SMMessageDestinationProtocol.h in Headers */,
				A53DDC2C148F4CAE006D2FFD /* SMInputStream.h in Headers */,
				A53DDC2D148F4CAE006D2FFD /* SMInputStreamSource.h in Headers */,
				A53DDC2E148F4CAE006D2FFD /* SMMessageParser.h in Headers */,
				A53DDC2F148F4CAE006D2FFD /* SMPortInputStream.h in Headers */,
				A53DDC30148F4CAE006D2FFD /* SMVirtualInputStream.h in Headers */,
				A53DDC31148F4CB6006D2FFD /* SMOutputStream.h in Headers */,
				A53DDC32148F4CB6006D2FFD /* SMPortOutputStream.h in Headers */,
				A53DDC33148F4CB6006D2FFD /* SMVirtualOutputStream.h in Headers */,
				A53DDC34148F4CB6006D2FFD /* SMSysExSendRequest.h in Headers */,
				A53DDC35148F4CBC006D2FFD /* SMMessageFilter.h in Headers */,
				A53DDC36148F4CBC006D2FFD /* SMMessageHistory.h in Headers */,
				A53DDC37148F4CBC006D2FFD /* SMMessageMult.h in Headers */,
			);
			runOnlyForDeploymentPostprocessing = 0;
		};
		A581994E16AF687400325CF3 /* Headers */ = {
			isa = PBXHeadersBuildPhase;
			buildActionMask = 2147483647;
			files = (
				A581994F16AF687400325CF3 /* SnoizeMIDI.h in Headers */,
				A581995016AF687400325CF3 /* SMClient.h in Headers */,
				A581995116AF687400325CF3 /* SMHostTime.h in Headers */,
				A581995216AF687400325CF3 /* SMUtilities.h in Headers */,
				A581995316AF687400325CF3 /* NSArray-SMExtensions.h in Headers */,
				A581995416AF687400325CF3 /* NSData-SMExtensions.h in Headers */,
				A581995516AF687400325CF3 /* NSString-SMExtensions.h in Headers */,
				A581995616AF687400325CF3 /* SMMIDIObject.h in Headers */,
				A581995716AF687400325CF3 /* SMMIDIObject-Private.h in Headers */,
				A581995816AF687400325CF3 /* SMDevice.h in Headers */,
				A581995916AF687400325CF3 /* SMEndpoint.h in Headers */,
				A581995A16AF687400325CF3 /* SMExternalDevice.h in Headers */,
				A581995B16AF687400325CF3 /* SMMessage.h in Headers */,
				A581995C16AF687400325CF3 /* SMVoiceMessage.h in Headers */,
				A581995D16AF687400325CF3 /* SMSystemCommonMessage.h in Headers */,
				A581995E16AF687400325CF3 /* SMSystemRealTimeMessage.h in Headers */,
				A581995F16AF687400325CF3 /* SMSystemExclusiveMessage.h in Headers */,
				A581996016AF687400325CF3 /* SMInvalidMessage.h in Headers */,
				A581996116AF687400325CF3 /* SMMessageTimeBase.h in Headers */,
				A581996216AF687400325CF3 /* SMMessageDestinationProtocol.h in Headers */,
				A581996316AF687400325CF3 /* SMInputStream.h in Headers */,
				A581996416AF687400325CF3 /* SMInputStreamSource.h in Headers */,
				A581996516AF687400325CF3 /* SMMessageParser.h in Headers */,
				A581996616AF687400325CF3 /* SMPortInputStream.h in Headers */,
				A581996716AF687400325CF3 /* SMVirtualInputStream.h in Headers */,
				A581996816AF687400325CF3 /* SMOutputStream.h in Headers */,
				A581996916AF687400325CF3 /* SMPortOutputStream.h in Headers */,
				A581996A16AF687400325CF3 /* SMVirtualOutputStream.h in Headers */,
				A581996B16AF687400325CF3 /* SMSysExSendRequest.h in Headers */,
				A581996C16AF687400325CF3 /* SMMessageFilter.h in Headers */,
				A581996D16AF687400325CF3 /* SMMessageHistory.h in Headers */,
				A581996E16AF687400325CF3 /* SMMessageMult.h in Headers */,
			);
			runOnlyForDeploymentPostprocessing = 0;
		};
/* End PBXHeadersBuildPhase section */

/* Begin PBXNativeTarget section */
		8DC2EF4F0486A6940098B216 /* SnoizeMIDI */ = {
			isa = PBXNativeTarget;
			buildConfigurationList = 1DEB91AD08733DA50010E9CD /* Build configuration list for PBXNativeTarget "SnoizeMIDI" */;
			buildPhases = (
				8DC2EF500486A6940098B216 /* Headers */,
				8DC2EF520486A6940098B216 /* Resources */,
				8DC2EF540486A6940098B216 /* Sources */,
				8DC2EF560486A6940098B216 /* Frameworks */,
			);
			buildRules = (
			);
			dependencies = (
			);
			name = SnoizeMIDI;
			productInstallPath = "$(HOME)/Library/Frameworks";
			productName = SnoizeMIDI;
			productReference = 8DC2EF5B0486A6940098B216 /* SnoizeMIDI.framework */;
			productType = "com.apple.product-type.framework";
		};
		A53DDB96148F4219006D2FFD /* SnoizeMIDIiOS */ = {
			isa = PBXNativeTarget;
			buildConfigurationList = A53DDBA3148F4219006D2FFD /* Build configuration list for PBXNativeTarget "SnoizeMIDIiOS" */;
			buildPhases = (
				A53DDB93148F4219006D2FFD /* Sources */,
				A53DDB94148F4219006D2FFD /* Frameworks */,
				A53DDB95148F4219006D2FFD /* Headers */,
			);
			buildRules = (
			);
			dependencies = (
			);
			name = SnoizeMIDIiOS;
			productName = SnoizeMIDIiOS;
			productReference = A53DDB97148F4219006D2FFD /* libSnoizeMIDIiOS.a */;
			productType = "com.apple.product-type.library.static";
		};
		A581992D16AF687400325CF3 /* SnoizeMIDIOSX */ = {
			isa = PBXNativeTarget;
			buildConfigurationList = A581996F16AF687400325CF3 /* Build configuration list for PBXNativeTarget "SnoizeMIDIOSX" */;
			buildPhases = (
				A581992E16AF687400325CF3 /* Sources */,
				A581994C16AF687400325CF3 /* Frameworks */,
				A581994E16AF687400325CF3 /* Headers */,
			);
			buildRules = (
			);
			dependencies = (
			);
			name = SnoizeMIDIOSX;
			productName = SnoizeMIDIiOS;
			productReference = A581997216AF687400325CF3 /* libSnoizeMIDI.a */;
			productType = "com.apple.product-type.library.static";
		};
/* End PBXNativeTarget section */

/* Begin PBXProject section */
		0867D690FE84028FC02AAC07 /* Project object */ = {
			isa = PBXProject;
			attributes = {
				LastUpgradeCheck = 0510;
			};
			buildConfigurationList = 1DEB91B108733DA50010E9CD /* Build configuration list for PBXProject "SnoizeMIDI" */;
			compatibilityVersion = "Xcode 3.2";
			developmentRegion = English;
			hasScannedForEncodings = 1;
			knownRegions = (
				English,
				Japanese,
				French,
				German,
			);
			mainGroup = 0867D691FE84028FC02AAC07 /* SnoizeMIDI */;
			productRefGroup = 034768DFFF38A50411DB9C8B /* Products */;
			projectDirPath = "";
			projectRoot = ../..;
			targets = (
				8DC2EF4F0486A6940098B216 /* SnoizeMIDI */,
				A53DDB96148F4219006D2FFD /* SnoizeMIDIiOS */,
				A581992D16AF687400325CF3 /* SnoizeMIDIOSX */,
			);
		};
/* End PBXProject section */

/* Begin PBXResourcesBuildPhase section */
		8DC2EF520486A6940098B216 /* Resources */ = {
			isa = PBXResourcesBuildPhase;
			buildActionMask = 2147483647;
			files = (
				8DC2EF530486A6940098B216 /* InfoPlist.strings in Resources */,
				16B11BF20971D77600DB1DB5 /* ControllerNames.plist in Resources */,
				16B11BF30971D77600DB1DB5 /* ManufacturerNames.plist in Resources */,
				16B11BF60971D78500DB1DB5 /* SnoizeMIDI.strings in Resources */,
			);
			runOnlyForDeploymentPostprocessing = 0;
		};
/* End PBXResourcesBuildPhase section */

/* Begin PBXSourcesBuildPhase section */
		8DC2EF540486A6940098B216 /* Sources */ = {
			isa = PBXSourcesBuildPhase;
			buildActionMask = 2147483647;
			files = (
				16B11B950971D40100DB1DB5 /* NSArray-SMExtensions.m in Sources */,
				16B11B970971D40100DB1DB5 /* NSData-SMExtensions.m in Sources */,
				16B11B990971D40100DB1DB5 /* NSString-SMExtensions.m in Sources */,
				16B11B9B0971D40100DB1DB5 /* SMClient.m in Sources */,
				16B11B9D0971D40100DB1DB5 /* SMDevice.m in Sources */,
				16B11B9F0971D40100DB1DB5 /* SMEndpoint.m in Sources */,
				16B11BA10971D40100DB1DB5 /* SMExternalDevice.m in Sources */,
				16B11BA30971D40100DB1DB5 /* SMHostTime.m in Sources */,
				16B11BA50971D40100DB1DB5 /* SMInputStream.m in Sources */,
				16B11BA70971D40100DB1DB5 /* SMInputStreamSource.m in Sources */,
				16B11BA90971D40100DB1DB5 /* SMInvalidMessage.m in Sources */,
				16B11BAB0971D40100DB1DB5 /* SMMessage.m in Sources */,
				16B11BAE0971D40100DB1DB5 /* SMMessageFilter.m in Sources */,
				16B11BB00971D40100DB1DB5 /* SMMessageHistory.m in Sources */,
				16B11BB20971D40100DB1DB5 /* SMMessageMult.m in Sources */,
				16B11BB40971D40100DB1DB5 /* SMMessageParser.m in Sources */,
				16B11BB70971D40100DB1DB5 /* SMMIDIObject.m in Sources */,
				16B11BB90971D40100DB1DB5 /* SMOutputStream.m in Sources */,
				16B11BBB0971D40100DB1DB5 /* SMPortInputStream.m in Sources */,
				16B11BBD0971D40100DB1DB5 /* SMPortOutputStream.m in Sources */,
				16B11BBF0971D40100DB1DB5 /* SMSysExSendRequest.m in Sources */,
				16B11BC10971D40100DB1DB5 /* SMSystemCommonMessage.m in Sources */,
				16B11BC30971D40100DB1DB5 /* SMSystemExclusiveMessage.m in Sources */,
				16B11BC50971D40100DB1DB5 /* SMSystemRealTimeMessage.m in Sources */,
				16B11BC70971D40100DB1DB5 /* SMUtilities.m in Sources */,
				16B11BC90971D40100DB1DB5 /* SMVirtualInputStream.m in Sources */,
				16B11BCB0971D40100DB1DB5 /* SMVirtualOutputStream.m in Sources */,
				16B11BCD0971D40100DB1DB5 /* SMVoiceMessage.m in Sources */,
				164876610E6D2A22002CF387 /* SMMessageTimeBase.m in Sources */,
			);
			runOnlyForDeploymentPostprocessing = 0;
		};
		A53DDB93148F4219006D2FFD /* Sources */ = {
			isa = PBXSourcesBuildPhase;
			buildActionMask = 2147483647;
			files = (
				A53DDBDF148F4349006D2FFD /* SMClient.m in Sources */,
				A53DDBE0148F434C006D2FFD /* SMHostTime.m in Sources */,
				A53DDBE1148F434E006D2FFD /* SMUtilities.m in Sources */,
				A53DDBE2148F4354006D2FFD /* NSArray-SMExtensions.m in Sources */,
				A53DDBE3148F4356006D2FFD /* NSData-SMExtensions.m in Sources */,
				A53DDBE4148F4359006D2FFD /* NSString-SMExtensions.m in Sources */,
				A53DDBE5148F4361006D2FFD /* SMMIDIObject.m in Sources */,
				A53DDBE6148F4364006D2FFD /* SMDevice.m in Sources */,
				A53DDBE7148F4367006D2FFD /* SMEndpoint.m in Sources */,
				A53DDBE8148F436A006D2FFD /* SMExternalDevice.m in Sources */,
				A53DDBE9148F436F006D2FFD /* SMMessage.m in Sources */,
				A53DDBEA148F4371006D2FFD /* SMVoiceMessage.m in Sources */,
				A53DDBEB148F4373006D2FFD /* SMSystemCommonMessage.m in Sources */,
				A53DDBEC148F4376006D2FFD /* SMSystemRealTimeMessage.m in Sources */,
				A53DDBED148F4379006D2FFD /* SMSystemExclusiveMessage.m in Sources */,
				A53DDBEE148F437D006D2FFD /* SMInvalidMessage.m in Sources */,
				A53DDBEF148F4380006D2FFD /* SMMessageTimeBase.m in Sources */,
				A53DDBF0148F4385006D2FFD /* SMInputStream.m in Sources */,
				A53DDBF1148F4387006D2FFD /* SMInputStreamSource.m in Sources */,
				A53DDBF2148F438A006D2FFD /* SMMessageParser.m in Sources */,
				A53DDBF3148F438D006D2FFD /* SMPortInputStream.m in Sources */,
				A53DDBF4148F4390006D2FFD /* SMVirtualInputStream.m in Sources */,
				A53DDBF5148F4394006D2FFD /* SMOutputStream.m in Sources */,
				A53DDBF6148F4397006D2FFD /* SMPortOutputStream.m in Sources */,
				A53DDBF7148F4399006D2FFD /* SMVirtualOutputStream.m in Sources */,
				A53DDBF8148F439C006D2FFD /* SMSysExSendRequest.m in Sources */,
				A53DDBF9148F43A0006D2FFD /* SMMessageFilter.m in Sources */,
				A53DDBFA148F43A3006D2FFD /* SMMessageHistory.m in Sources */,
				A53DDBFB148F43A6006D2FFD /* SMMessageMult.m in Sources */,
			);
			runOnlyForDeploymentPostprocessing = 0;
		};
		A581992E16AF687400325CF3 /* Sources */ = {
			isa = PBXSourcesBuildPhase;
			buildActionMask = 2147483647;
			files = (
				A581992F16AF687400325CF3 /* SMClient.m in Sources */,
				A581993016AF687400325CF3 /* SMHostTime.m in Sources */,
				A581993116AF687400325CF3 /* SMUtilities.m in Sources */,
				A581993216AF687400325CF3 /* NSArray-SMExtensions.m in Sources */,
				A581993316AF687400325CF3 /* NSData-SMExtensions.m in Sources */,
				A581993416AF687400325CF3 /* NSString-SMExtensions.m in Sources */,
				A581993516AF687400325CF3 /* SMMIDIObject.m in Sources */,
				A581993616AF687400325CF3 /* SMDevice.m in Sources */,
				A581993716AF687400325CF3 /* SMEndpoint.m in Sources */,
				A581993816AF687400325CF3 /* SMExternalDevice.m in Sources */,
				A581993916AF687400325CF3 /* SMMessage.m in Sources */,
				A581993A16AF687400325CF3 /* SMVoiceMessage.m in Sources */,
				A581993B16AF687400325CF3 /* SMSystemCommonMessage.m in Sources */,
				A581993C16AF687400325CF3 /* SMSystemRealTimeMessage.m in Sources */,
				A581993D16AF687400325CF3 /* SMSystemExclusiveMessage.m in Sources */,
				A581993E16AF687400325CF3 /* SMInvalidMessage.m in Sources */,
				A581993F16AF687400325CF3 /* SMMessageTimeBase.m in Sources */,
				A581994016AF687400325CF3 /* SMInputStream.m in Sources */,
				A581994116AF687400325CF3 /* SMInputStreamSource.m in Sources */,
				A581994216AF687400325CF3 /* SMMessageParser.m in Sources */,
				A581994316AF687400325CF3 /* SMPortInputStream.m in Sources */,
				A581994416AF687400325CF3 /* SMVirtualInputStream.m in Sources */,
				A581994516AF687400325CF3 /* SMOutputStream.m in Sources */,
				A581994616AF687400325CF3 /* SMPortOutputStream.m in Sources */,
				A581994716AF687400325CF3 /* SMVirtualOutputStream.m in Sources */,
				A581994816AF687400325CF3 /* SMSysExSendRequest.m in Sources */,
				A581994916AF687400325CF3 /* SMMessageFilter.m in Sources */,
				A581994A16AF687400325CF3 /* SMMessageHistory.m in Sources */,
				A581994B16AF687400325CF3 /* SMMessageMult.m in Sources */,
			);
			runOnlyForDeploymentPostprocessing = 0;
		};
/* End PBXSourcesBuildPhase section */

/* Begin PBXVariantGroup section */
		089C1666FE841158C02AAC07 /* InfoPlist.strings */ = {
			isa = PBXVariantGroup;
			children = (
				089C1667FE841158C02AAC07 /* English */,
			);
			name = InfoPlist.strings;
			sourceTree = "<group>";
		};
		16B11BEE0971D77600DB1DB5 /* ControllerNames.plist */ = {
			isa = PBXVariantGroup;
			children = (
				16B11BEF0971D77600DB1DB5 /* English */,
			);
			name = ControllerNames.plist;
			sourceTree = "<group>";
		};
		16B11BF00971D77600DB1DB5 /* ManufacturerNames.plist */ = {
			isa = PBXVariantGroup;
			children = (
				16B11BF10971D77600DB1DB5 /* English */,
			);
			name = ManufacturerNames.plist;
			sourceTree = "<group>";
		};
		16B11BF40971D78500DB1DB5 /* SnoizeMIDI.strings */ = {
			isa = PBXVariantGroup;
			children = (
				16B11BF50971D78500DB1DB5 /* English */,
			);
			name = SnoizeMIDI.strings;
			sourceTree = "<group>";
		};
/* End PBXVariantGroup section */

/* Begin XCBuildConfiguration section */
		1DEB91AE08733DA50010E9CD /* Debug */ = {
			isa = XCBuildConfiguration;
			baseConfigurationReference = 16B4A55E0972152700F11AD6 /* Snoize-Framework-Debug.xcconfig */;
			buildSettings = {
				COMBINE_HIDPI_IMAGES = YES;
				DYLIB_COMPATIBILITY_VERSION = 1;
				DYLIB_CURRENT_VERSION = 1;
				GCC_PRECOMPILE_PREFIX_HEADER = YES;
				GCC_PREFIX_HEADER = SnoizeMIDI_Prefix.pch;
				INFOPLIST_FILE = Info.plist;
				PRECOMPS_INCLUDE_HEADERS_FROM_BUILT_PRODUCTS_DIR = NO;
				PRODUCT_NAME = SnoizeMIDI;
				WRAPPER_EXTENSION = framework;
			};
			name = Debug;
		};
		1DEB91AF08733DA50010E9CD /* Release */ = {
			isa = XCBuildConfiguration;
			baseConfigurationReference = 16B4A5610972153E00F11AD6 /* Snoize-Framework-Release.xcconfig */;
			buildSettings = {
				COMBINE_HIDPI_IMAGES = YES;
				DYLIB_COMPATIBILITY_VERSION = 1;
				DYLIB_CURRENT_VERSION = 1;
				GCC_PRECOMPILE_PREFIX_HEADER = YES;
				GCC_PREFIX_HEADER = SnoizeMIDI_Prefix.pch;
				INFOPLIST_FILE = Info.plist;
				PRECOMPS_INCLUDE_HEADERS_FROM_BUILT_PRODUCTS_DIR = NO;
				PRODUCT_NAME = SnoizeMIDI;
				WRAPPER_EXTENSION = framework;
			};
			name = Release;
		};
		1DEB91B208733DA50010E9CD /* Debug */ = {
			isa = XCBuildConfiguration;
			baseConfigurationReference = 161D6C940972111A00CA5276 /* Snoize-Project-Debug.xcconfig */;
			buildSettings = {
				ONLY_ACTIVE_ARCH = YES;
			};
			name = Debug;
		};
		1DEB91B308733DA50010E9CD /* Release */ = {
			isa = XCBuildConfiguration;
			baseConfigurationReference = 161D6C9C097211EC00CA5276 /* Snoize-Project-Release.xcconfig */;
			buildSettings = {
			};
			name = Release;
		};
		A53DDBA1148F4219006D2FFD /* Debug */ = {
			isa = XCBuildConfiguration;
			buildSettings = {
				ALWAYS_SEARCH_USER_PATHS = NO;
				COPY_PHASE_STRIP = NO;
				DSTROOT = /tmp/SnoizeMIDIiOS.dst;
				GCC_C_LANGUAGE_STANDARD = gnu99;
				GCC_DYNAMIC_NO_PIC = NO;
				GCC_OPTIMIZATION_LEVEL = 0;
				GCC_PRECOMPILE_PREFIX_HEADER = YES;
				GCC_PREFIX_HEADER = "SnoizeMIDIiOS-Prefix.pch";
				GCC_PREPROCESSOR_DEFINITIONS = (
					"DEBUG=1",
					"$(inherited)",
				);
				GCC_SYMBOLS_PRIVATE_EXTERN = NO;
				GCC_THUMB_SUPPORT = NO;
				GCC_VERSION = com.apple.compilers.llvm.clang.1_0;
				GCC_WARN_ABOUT_MISSING_PROTOTYPES = YES;
				GCC_WARN_ABOUT_RETURN_TYPE = YES;
				GCC_WARN_UNUSED_VARIABLE = YES;
				IPHONEOS_DEPLOYMENT_TARGET = 4.2;
				ONLY_ACTIVE_ARCH = NO;
				OTHER_LDFLAGS = "-ObjC";
				PRODUCT_NAME = "$(TARGET_NAME)";
				PUBLIC_HEADERS_FOLDER_PATH = SnoizeMIDI;
				SDKROOT = iphoneos;
				SKIP_INSTALL = YES;
			};
			name = Debug;
		};
		A53DDBA2148F4219006D2FFD /* Release */ = {
			isa = XCBuildConfiguration;
			buildSettings = {
				ALWAYS_SEARCH_USER_PATHS = NO;
				COPY_PHASE_STRIP = YES;
				DSTROOT = /tmp/SnoizeMIDIiOS.dst;
				GCC_C_LANGUAGE_STANDARD = gnu99;
				GCC_PRECOMPILE_PREFIX_HEADER = YES;
				GCC_PREFIX_HEADER = "SnoizeMIDIiOS-Prefix.pch";
				GCC_THUMB_SUPPORT = NO;
				GCC_VERSION = com.apple.compilers.llvm.clang.1_0;
				GCC_WARN_ABOUT_MISSING_PROTOTYPES = YES;
				GCC_WARN_ABOUT_RETURN_TYPE = YES;
				GCC_WARN_UNUSED_VARIABLE = YES;
				IPHONEOS_DEPLOYMENT_TARGET = 4.2;
				OTHER_LDFLAGS = "-ObjC";
				PRODUCT_NAME = "$(TARGET_NAME)";
				PUBLIC_HEADERS_FOLDER_PATH = SnoizeMIDI;
				SDKROOT = iphoneos;
				SKIP_INSTALL = YES;
				VALIDATE_PRODUCT = YES;
			};
			name = Release;
		};
		A581997016AF687400325CF3 /* Debug */ = {
			isa = XCBuildConfiguration;
			buildSettings = {
				ALWAYS_SEARCH_USER_PATHS = NO;
				COMBINE_HIDPI_IMAGES = YES;
				COPY_PHASE_STRIP = NO;
				DSTROOT = /tmp/SnoizeMIDIiOS.dst;
				GCC_C_LANGUAGE_STANDARD = gnu99;
				GCC_DYNAMIC_NO_PIC = NO;
				GCC_OPTIMIZATION_LEVEL = 0;
				GCC_PRECOMPILE_PREFIX_HEADER = YES;
				GCC_PREFIX_HEADER = "SnoizeMIDIiOS-Prefix.pch";
				GCC_PREPROCESSOR_DEFINITIONS = (
					"DEBUG=1",
					"$(inherited)",
				);
				GCC_SYMBOLS_PRIVATE_EXTERN = NO;
				GCC_VERSION = com.apple.compilers.llvm.clang.1_0;
				GCC_WARN_ABOUT_MISSING_PROTOTYPES = YES;
				GCC_WARN_ABOUT_RETURN_TYPE = YES;
				GCC_WARN_UNUSED_VARIABLE = YES;
				IPHONEOS_DEPLOYMENT_TARGET = 4.2;
				ONLY_ACTIVE_ARCH = NO;
				OTHER_LDFLAGS = "-ObjC";
				PRODUCT_NAME = SnoizeMIDI;
				PUBLIC_HEADERS_FOLDER_PATH = SnoizeMIDI;
				SDKROOT = macosx;
				SKIP_INSTALL = YES;
			};
			name = Debug;
		};
		A581997116AF687400325CF3 /* Release */ = {
			isa = XCBuildConfiguration;
			buildSettings = {
				ALWAYS_SEARCH_USER_PATHS = NO;
				COMBINE_HIDPI_IMAGES = YES;
				COPY_PHASE_STRIP = YES;
				DSTROOT = /tmp/SnoizeMIDIiOS.dst;
				GCC_C_LANGUAGE_STANDARD = gnu99;
				GCC_PRECOMPILE_PREFIX_HEADER = YES;
				GCC_PREFIX_HEADER = "SnoizeMIDIiOS-Prefix.pch";
				GCC_VERSION = com.apple.compilers.llvm.clang.1_0;
				GCC_WARN_ABOUT_MISSING_PROTOTYPES = YES;
				GCC_WARN_ABOUT_RETURN_TYPE = YES;
				GCC_WARN_UNUSED_VARIABLE = YES;
				IPHONEOS_DEPLOYMENT_TARGET = 4.2;
				OTHER_LDFLAGS = "-ObjC";
				PRODUCT_NAME = SnoizeMIDI;
				PUBLIC_HEADERS_FOLDER_PATH = SnoizeMIDI;
				SDKROOT = macosx;
				SKIP_INSTALL = YES;
				VALIDATE_PRODUCT = YES;
			};
			name = Release;
		};
/* End XCBuildConfiguration section */

/* Begin XCConfigurationList section */
		1DEB91AD08733DA50010E9CD /* Build configuration list for PBXNativeTarget "SnoizeMIDI" */ = {
			isa = XCConfigurationList;
			buildConfigurations = (
				1DEB91AE08733DA50010E9CD /* Debug */,
				1DEB91AF08733DA50010E9CD /* Release */,
			);
			defaultConfigurationIsVisible = 0;
			defaultConfigurationName = Release;
		};
		1DEB91B108733DA50010E9CD /* Build configuration list for PBXProject "SnoizeMIDI" */ = {
			isa = XCConfigurationList;
			buildConfigurations = (
				1DEB91B208733DA50010E9CD /* Debug */,
				1DEB91B308733DA50010E9CD /* Release */,
			);
			defaultConfigurationIsVisible = 0;
			defaultConfigurationName = Release;
		};
		A53DDBA3148F4219006D2FFD /* Build configuration list for PBXNativeTarget "SnoizeMIDIiOS" */ = {
			isa = XCConfigurationList;
			buildConfigurations = (
				A53DDBA1148F4219006D2FFD /* Debug */,
				A53DDBA2148F4219006D2FFD /* Release */,
			);
			defaultConfigurationIsVisible = 0;
			defaultConfigurationName = Release;
		};
		A581996F16AF687400325CF3 /* Build configuration list for PBXNativeTarget "SnoizeMIDIOSX" */ = {
			isa = XCConfigurationList;
			buildConfigurations = (
				A581997016AF687400325CF3 /* Debug */,
				A581997116AF687400325CF3 /* Release */,
			);
			defaultConfigurationIsVisible = 0;
			defaultConfigurationName = Release;
		};
/* End XCConfigurationList section */
	};
	rootObject = 0867D690FE84028FC02AAC07 /* Project object */;
}
